// !$*UTF8*$!
{
	archiveVersion = 1;
	classes = {
	};
	objectVersion = 46;
	objects = {

/* Begin PBXBuildFile section */
		68038FE11AA56B8C0053A963 /* Timer.swift in Sources */ = {isa = PBXBuildFile; fileRef = 68038FE01AA56B8C0053A963 /* Timer.swift */; };
		682944DF1AB5787000680A36 /* Heal.swift in Sources */ = {isa = PBXBuildFile; fileRef = 682944DE1AB5787000680A36 /* Heal.swift */; };
		682944E11AB578A200680A36 /* Shrink.swift in Sources */ = {isa = PBXBuildFile; fileRef = 682944E01AB578A200680A36 /* Shrink.swift */; };
		6850A0861A91606100B8CAD4 /* SplashViewController.swift in Sources */ = {isa = PBXBuildFile; fileRef = 6850A0851A91606100B8CAD4 /* SplashViewController.swift */; };
		6850A0881A91632F00B8CAD4 /* LobbyViewController.swift in Sources */ = {isa = PBXBuildFile; fileRef = 6850A0871A91632F00B8CAD4 /* LobbyViewController.swift */; };
		68A18D4E1AA8719E001CCE1D /* NetAssociation.m in Sources */ = {isa = PBXBuildFile; fileRef = 68A18D441AA8719E001CCE1D /* NetAssociation.m */; };
		68A18D4F1AA8719E001CCE1D /* NetworkClock.m in Sources */ = {isa = PBXBuildFile; fileRef = 68A18D461AA8719E001CCE1D /* NetworkClock.m */; };
		68A18D501AA8719E001CCE1D /* Notes in Resources */ = {isa = PBXBuildFile; fileRef = 68A18D471AA8719E001CCE1D /* Notes */; };
		68A18D511AA8719E001CCE1D /* NSDate+NetworkClock.m in Sources */ = {isa = PBXBuildFile; fileRef = 68A18D491AA8719E001CCE1D /* NSDate+NetworkClock.m */; };
		68A18D521AA8719E001CCE1D /* GCDAsyncUdpSocket.m in Sources */ = {isa = PBXBuildFile; fileRef = 68A18D4C1AA8719E001CCE1D /* GCDAsyncUdpSocket.m */; };
		68A18D531AA8719E001CCE1D /* ntp.hosts in Resources */ = {isa = PBXBuildFile; fileRef = 68A18D4D1AA8719E001CCE1D /* ntp.hosts */; };
		68B7DBF71A84C306003D9398 /* AppWarpHelper.swift in Sources */ = {isa = PBXBuildFile; fileRef = 68B7DBF11A84C306003D9398 /* AppWarpHelper.swift */; };
		68B7DBF81A84C306003D9398 /* ConnectionListener.swift in Sources */ = {isa = PBXBuildFile; fileRef = 68B7DBF21A84C306003D9398 /* ConnectionListener.swift */; };
		68B7DBF91A84C306003D9398 /* NotificationListener.swift in Sources */ = {isa = PBXBuildFile; fileRef = 68B7DBF31A84C306003D9398 /* NotificationListener.swift */; };
		68B7DBFA1A84C306003D9398 /* RoomListener.swift in Sources */ = {isa = PBXBuildFile; fileRef = 68B7DBF41A84C306003D9398 /* RoomListener.swift */; };
		68B7DBFB1A84C306003D9398 /* ZoneListener.swift in Sources */ = {isa = PBXBuildFile; fileRef = 68B7DBF51A84C306003D9398 /* ZoneListener.swift */; };
		68B7DBFD1A84C316003D9398 /* AppWarp_iOS_SDK.framework in Frameworks */ = {isa = PBXBuildFile; fileRef = 68B7DBFC1A84C316003D9398 /* AppWarp_iOS_SDK.framework */; };
		68C08F6E1ABA198700AEEF3E /* NetworkManager.swift in Sources */ = {isa = PBXBuildFile; fileRef = 68C08F6D1ABA198700AEEF3E /* NetworkManager.swift */; };
		68DADF491AB56FE800A20800 /* ButtonTaunt.swift in Sources */ = {isa = PBXBuildFile; fileRef = 68DADF481AB56FE800A20800 /* ButtonTaunt.swift */; };
		68DADF591AB5738800A20800 /* AreaHeal.swift in Sources */ = {isa = PBXBuildFile; fileRef = 68DADF4E1AB5738800A20800 /* AreaHeal.swift */; };
		68DADF5A1AB5738800A20800 /* Enrage.swift in Sources */ = {isa = PBXBuildFile; fileRef = 68DADF4F1AB5738800A20800 /* Enrage.swift */; };
		68DADF5C1AB5738800A20800 /* Taunt.swift in Sources */ = {isa = PBXBuildFile; fileRef = 68DADF511AB5738800A20800 /* Taunt.swift */; };
		68DADF5D1AB5738800A20800 /* Attack.swift in Sources */ = {isa = PBXBuildFile; fileRef = 68DADF521AB5738800A20800 /* Attack.swift */; };
		68DADF5E1AB5738800A20800 /* Idle.swift in Sources */ = {isa = PBXBuildFile; fileRef = 68DADF531AB5738800A20800 /* Idle.swift */; };
		68DADF5F1AB5738800A20800 /* Move.swift in Sources */ = {isa = PBXBuildFile; fileRef = 68DADF541AB5738800A20800 /* Move.swift */; };
		68DADF601AB5738800A20800 /* NoneOrder.swift in Sources */ = {isa = PBXBuildFile; fileRef = 68DADF551AB5738800A20800 /* NoneOrder.swift */; };
		68DADF611AB5738800A20800 /* Order.swift in Sources */ = {isa = PBXBuildFile; fileRef = 68DADF561AB5738800A20800 /* Order.swift */; };
		68DADF621AB5738800A20800 /* RoamAttack.swift in Sources */ = {isa = PBXBuildFile; fileRef = 68DADF571AB5738800A20800 /* RoamAttack.swift */; };
		68DADF631AB5738800A20800 /* Transient.swift in Sources */ = {isa = PBXBuildFile; fileRef = 68DADF581AB5738800A20800 /* Transient.swift */; };
		68F35CAB1A84C4D5004905BF /* GameScene.sks in Resources */ = {isa = PBXBuildFile; fileRef = 68F35CA91A84C4D5004905BF /* GameScene.sks */; };
		68F35CAC1A84C4D5004905BF /* GameScene.swift in Sources */ = {isa = PBXBuildFile; fileRef = 68F35CAA1A84C4D5004905BF /* GameScene.swift */; };
		68F35CB71A84C540004905BF /* Projectile.swift in Sources */ = {isa = PBXBuildFile; fileRef = 68F35CB11A84C540004905BF /* Projectile.swift */; };
		68F35CB81A84C540004905BF /* Unit.swift in Sources */ = {isa = PBXBuildFile; fileRef = 68F35CB21A84C540004905BF /* Unit.swift */; };
		68F35CB91A84C540004905BF /* Warrior.swift in Sources */ = {isa = PBXBuildFile; fileRef = 68F35CB31A84C540004905BF /* Warrior.swift */; };
		E72E672B1AB624DC0082E7B4 /* Warrior-walk.atlas in Resources */ = {isa = PBXBuildFile; fileRef = E72E672A1AB624DC0082E7B4 /* Warrior-walk.atlas */; };
		E72E672D1AB626B20082E7B4 /* Warrior-attack.atlas in Resources */ = {isa = PBXBuildFile; fileRef = E72E672C1AB626B20082E7B4 /* Warrior-attack.atlas */; };
		E72E672F1AB629CB0082E7B4 /* Warrior-stumble.atlas in Resources */ = {isa = PBXBuildFile; fileRef = E72E672E1AB629CB0082E7B4 /* Warrior-stumble.atlas */; };
		E72E67321AB630300082E7B4 /* Warrior-ability.atlas in Resources */ = {isa = PBXBuildFile; fileRef = E72E67301AB630300082E7B4 /* Warrior-ability.atlas */; };
		E72E67331AB630300082E7B4 /* Warrior-death.atlas in Resources */ = {isa = PBXBuildFile; fileRef = E72E67311AB630300082E7B4 /* Warrior-death.atlas */; };
		E75F4FB91AB0DA0F00C3D76E /* LevelOne.swift in Sources */ = {isa = PBXBuildFile; fileRef = E75F4FB81AB0DA0F00C3D76E /* LevelOne.swift */; };
		E75F4FBB1AB0DE1B00C3D76E /* Level.swift in Sources */ = {isa = PBXBuildFile; fileRef = E75F4FBA1AB0DE1B00C3D76E /* Level.swift */; };
		E7E2DDBC1ABA0E1E003C9812 /* VIDA_10.png in Resources */ = {isa = PBXBuildFile; fileRef = E7E2DDBB1ABA0E1E003C9812 /* VIDA_10.png */; };
		E7E5E2791AB6345E00554839 /* Mage-ability.atlas in Resources */ = {isa = PBXBuildFile; fileRef = E7E5E2781AB6345E00554839 /* Mage-ability.atlas */; };
		E7E5E27E1AB6364B00554839 /* Mage-walk.atlas in Resources */ = {isa = PBXBuildFile; fileRef = E7E5E27A1AB6364B00554839 /* Mage-walk.atlas */; };
		E7E5E27F1AB6364B00554839 /* Mage-stumble.atlas in Resources */ = {isa = PBXBuildFile; fileRef = E7E5E27B1AB6364B00554839 /* Mage-stumble.atlas */; };
		E7E5E2801AB6364B00554839 /* Mage-death.atlas in Resources */ = {isa = PBXBuildFile; fileRef = E7E5E27C1AB6364B00554839 /* Mage-death.atlas */; };
		E7E5E2811AB6364B00554839 /* Mage-attack.atlas in Resources */ = {isa = PBXBuildFile; fileRef = E7E5E27D1AB6364B00554839 /* Mage-attack.atlas */; };
		F402F68F1AB51AF300A930C2 /* EnemyMage.swift in Sources */ = {isa = PBXBuildFile; fileRef = F402F68E1AB51AF300A930C2 /* EnemyMage.swift */; };
		F42A960F1AB56CD300E07C67 /* ButtonShrink.swift in Sources */ = {isa = PBXBuildFile; fileRef = F42A960E1AB56CD300E07C67 /* ButtonShrink.swift */; };
		F42FD5AD1A880282002C6624 /* SerializableJSON.swift in Sources */ = {isa = PBXBuildFile; fileRef = F42FD5AC1A880282002C6624 /* SerializableJSON.swift */; };
		F42FD5AF1A895D4F002C6624 /* Background1.png in Resources */ = {isa = PBXBuildFile; fileRef = F42FD5AE1A895D4F002C6624 /* Background1.png */; };
		F4B5047C1A90175B007CDBA8 /* PType.swift in Sources */ = {isa = PBXBuildFile; fileRef = F4B5047B1A90175B007CDBA8 /* PType.swift */; };
		F4B504821A9234B9007CDBA8 /* TargetDummy.swift in Sources */ = {isa = PBXBuildFile; fileRef = F4B504811A9234B9007CDBA8 /* TargetDummy.swift */; };
		F4B562EC1AB0D8C20094B2A7 /* Ability.swift in Sources */ = {isa = PBXBuildFile; fileRef = F4B562EB1AB0D8C20094B2A7 /* Ability.swift */; };
		F4B562EE1AB21B290094B2A7 /* ButtonHeal.swift in Sources */ = {isa = PBXBuildFile; fileRef = F4B562E91AB0D82E0094B2A7 /* ButtonHeal.swift */; };
		F4B562F41AB287F40094B2A7 /* Mage.swift in Sources */ = {isa = PBXBuildFile; fileRef = F4B562F31AB287F40094B2A7 /* Mage.swift */; };
		F4B562F81AB38A9A0094B2A7 /* ButtonEnrage.swift in Sources */ = {isa = PBXBuildFile; fileRef = F4B562F71AB38A9A0094B2A7 /* ButtonEnrage.swift */; };
		F4B563691AB3A5CF0094B2A7 /* magic1.wav in Resources */ = {isa = PBXBuildFile; fileRef = F4B562FD1AB3A5CE0094B2A7 /* magic1.wav */; };
		F4B5636A1AB3A5CF0094B2A7 /* spell.wav in Resources */ = {isa = PBXBuildFile; fileRef = F4B562FE1AB3A5CE0094B2A7 /* spell.wav */; };
		F4B5636B1AB3A5CF0094B2A7 /* swing.wav in Resources */ = {isa = PBXBuildFile; fileRef = F4B562FF1AB3A5CE0094B2A7 /* swing.wav */; };
		F4B5636C1AB3A5CF0094B2A7 /* swing2.wav in Resources */ = {isa = PBXBuildFile; fileRef = F4B563001AB3A5CE0094B2A7 /* swing2.wav */; };
		F4B5636D1AB3A5CF0094B2A7 /* swing3.wav in Resources */ = {isa = PBXBuildFile; fileRef = F4B563011AB3A5CE0094B2A7 /* swing3.wav */; };
		F4B5636E1AB3A5CF0094B2A7 /* sword-unsheathe.wav in Resources */ = {isa = PBXBuildFile; fileRef = F4B563021AB3A5CE0094B2A7 /* sword-unsheathe.wav */; };
		F4B5636F1AB3A5CF0094B2A7 /* sword-unsheathe2.wav in Resources */ = {isa = PBXBuildFile; fileRef = F4B563031AB3A5CE0094B2A7 /* sword-unsheathe2.wav */; };
		F4B563701AB3A5CF0094B2A7 /* sword-unsheathe3.wav in Resources */ = {isa = PBXBuildFile; fileRef = F4B563041AB3A5CE0094B2A7 /* sword-unsheathe3.wav */; };
		F4B563711AB3A5CF0094B2A7 /* sword-unsheathe4.wav in Resources */ = {isa = PBXBuildFile; fileRef = F4B563051AB3A5CE0094B2A7 /* sword-unsheathe4.wav */; };
		F4B563721AB3A5CF0094B2A7 /* sword-unsheathe5.wav in Resources */ = {isa = PBXBuildFile; fileRef = F4B563061AB3A5CE0094B2A7 /* sword-unsheathe5.wav */; };
		F4B563731AB3A5CF0094B2A7 /* interface1.wav in Resources */ = {isa = PBXBuildFile; fileRef = F4B563081AB3A5CE0094B2A7 /* interface1.wav */; };
		F4B563741AB3A5CF0094B2A7 /* interface2.wav in Resources */ = {isa = PBXBuildFile; fileRef = F4B563091AB3A5CE0094B2A7 /* interface2.wav */; };
		F4B563751AB3A5CF0094B2A7 /* interface3.wav in Resources */ = {isa = PBXBuildFile; fileRef = F4B5630A1AB3A5CE0094B2A7 /* interface3.wav */; };
		F4B563761AB3A5CF0094B2A7 /* interface4.wav in Resources */ = {isa = PBXBuildFile; fileRef = F4B5630B1AB3A5CE0094B2A7 /* interface4.wav */; };
		F4B563771AB3A5CF0094B2A7 /* interface5.wav in Resources */ = {isa = PBXBuildFile; fileRef = F4B5630C1AB3A5CE0094B2A7 /* interface5.wav */; };
		F4B563781AB3A5CF0094B2A7 /* interface6.wav in Resources */ = {isa = PBXBuildFile; fileRef = F4B5630D1AB3A5CE0094B2A7 /* interface6.wav */; };
		F4B563791AB3A5CF0094B2A7 /* armor-light.wav in Resources */ = {isa = PBXBuildFile; fileRef = F4B5630F1AB3A5CE0094B2A7 /* armor-light.wav */; };
		F4B5637A1AB3A5CF0094B2A7 /* beads.wav in Resources */ = {isa = PBXBuildFile; fileRef = F4B563101AB3A5CE0094B2A7 /* beads.wav */; };
		F4B5637B1AB3A5CF0094B2A7 /* bottle.wav in Resources */ = {isa = PBXBuildFile; fileRef = F4B563111AB3A5CE0094B2A7 /* bottle.wav */; };
		F4B5637C1AB3A5CF0094B2A7 /* bubble.wav in Resources */ = {isa = PBXBuildFile; fileRef = F4B563121AB3A5CE0094B2A7 /* bubble.wav */; };
		F4B5637D1AB3A5CF0094B2A7 /* bubble2.wav in Resources */ = {isa = PBXBuildFile; fileRef = F4B563131AB3A5CE0094B2A7 /* bubble2.wav */; };
		F4B5637E1AB3A5CF0094B2A7 /* bubble3.wav in Resources */ = {isa = PBXBuildFile; fileRef = F4B563141AB3A5CE0094B2A7 /* bubble3.wav */; };
		F4B5637F1AB3A5CF0094B2A7 /* chainmail1.wav in Resources */ = {isa = PBXBuildFile; fileRef = F4B563151AB3A5CE0094B2A7 /* chainmail1.wav */; };
		F4B563801AB3A5CF0094B2A7 /* chainmail2.wav in Resources */ = {isa = PBXBuildFile; fileRef = F4B563161AB3A5CE0094B2A7 /* chainmail2.wav */; };
		F4B563811AB3A5CF0094B2A7 /* cloth-heavy.wav in Resources */ = {isa = PBXBuildFile; fileRef = F4B563171AB3A5CE0094B2A7 /* cloth-heavy.wav */; };
		F4B563821AB3A5CF0094B2A7 /* cloth.wav in Resources */ = {isa = PBXBuildFile; fileRef = F4B563181AB3A5CE0094B2A7 /* cloth.wav */; };
		F4B563831AB3A5CF0094B2A7 /* coin.wav in Resources */ = {isa = PBXBuildFile; fileRef = F4B563191AB3A5CE0094B2A7 /* coin.wav */; };
		F4B563841AB3A5CF0094B2A7 /* coin2.wav in Resources */ = {isa = PBXBuildFile; fileRef = F4B5631A1AB3A5CE0094B2A7 /* coin2.wav */; };
		F4B563851AB3A5CF0094B2A7 /* coin3.wav in Resources */ = {isa = PBXBuildFile; fileRef = F4B5631B1AB3A5CE0094B2A7 /* coin3.wav */; };
		F4B563861AB3A5CF0094B2A7 /* metal-ringing.wav in Resources */ = {isa = PBXBuildFile; fileRef = F4B5631C1AB3A5CE0094B2A7 /* metal-ringing.wav */; };
		F4B563871AB3A5CF0094B2A7 /* metal-small1.wav in Resources */ = {isa = PBXBuildFile; fileRef = F4B5631D1AB3A5CE0094B2A7 /* metal-small1.wav */; };
		F4B563881AB3A5CF0094B2A7 /* metal-small2.wav in Resources */ = {isa = PBXBuildFile; fileRef = F4B5631E1AB3A5CE0094B2A7 /* metal-small2.wav */; };
		F4B563891AB3A5CF0094B2A7 /* metal-small3.wav in Resources */ = {isa = PBXBuildFile; fileRef = F4B5631F1AB3A5CF0094B2A7 /* metal-small3.wav */; };
		F4B5638A1AB3A5CF0094B2A7 /* wood-small.wav in Resources */ = {isa = PBXBuildFile; fileRef = F4B563201AB3A5CF0094B2A7 /* wood-small.wav */; };
		F4B5638B1AB3A5CF0094B2A7 /* burp.wav in Resources */ = {isa = PBXBuildFile; fileRef = F4B563221AB3A5CF0094B2A7 /* burp.wav */; };
		F4B5638C1AB3A5CF0094B2A7 /* random1.wav in Resources */ = {isa = PBXBuildFile; fileRef = F4B563231AB3A5CF0094B2A7 /* random1.wav */; };
		F4B5638D1AB3A5CF0094B2A7 /* random2.wav in Resources */ = {isa = PBXBuildFile; fileRef = F4B563241AB3A5CF0094B2A7 /* random2.wav */; };
		F4B5638E1AB3A5CF0094B2A7 /* random3.wav in Resources */ = {isa = PBXBuildFile; fileRef = F4B563251AB3A5CF0094B2A7 /* random3.wav */; };
		F4B5638F1AB3A5CF0094B2A7 /* random4.wav in Resources */ = {isa = PBXBuildFile; fileRef = F4B563261AB3A5CF0094B2A7 /* random4.wav */; };
		F4B563901AB3A5CF0094B2A7 /* random5.wav in Resources */ = {isa = PBXBuildFile; fileRef = F4B563271AB3A5CF0094B2A7 /* random5.wav */; };
		F4B563911AB3A5CF0094B2A7 /* random6.wav in Resources */ = {isa = PBXBuildFile; fileRef = F4B563281AB3A5CF0094B2A7 /* random6.wav */; };
		F4B563921AB3A5CF0094B2A7 /* bite-small.wav in Resources */ = {isa = PBXBuildFile; fileRef = F4B5632B1AB3A5CF0094B2A7 /* bite-small.wav */; };
		F4B563931AB3A5CF0094B2A7 /* bite-small2.wav in Resources */ = {isa = PBXBuildFile; fileRef = F4B5632C1AB3A5CF0094B2A7 /* bite-small2.wav */; };
		F4B563941AB3A5CF0094B2A7 /* bite-small3.wav in Resources */ = {isa = PBXBuildFile; fileRef = F4B5632D1AB3A5CF0094B2A7 /* bite-small3.wav */; };
		F4B563951AB3A5CF0094B2A7 /* giant1.wav in Resources */ = {isa = PBXBuildFile; fileRef = F4B5632F1AB3A5CF0094B2A7 /* giant1.wav */; };
		F4B563961AB3A5CF0094B2A7 /* giant2.wav in Resources */ = {isa = PBXBuildFile; fileRef = F4B563301AB3A5CF0094B2A7 /* giant2.wav */; };
		F4B563971AB3A5CF0094B2A7 /* giant3.wav in Resources */ = {isa = PBXBuildFile; fileRef = F4B563311AB3A5CF0094B2A7 /* giant3.wav */; };
		F4B563981AB3A5CF0094B2A7 /* giant4.wav in Resources */ = {isa = PBXBuildFile; fileRef = F4B563321AB3A5CF0094B2A7 /* giant4.wav */; };
		F4B563991AB3A5CF0094B2A7 /* giant5.wav in Resources */ = {isa = PBXBuildFile; fileRef = F4B563331AB3A5CF0094B2A7 /* giant5.wav */; };
		F4B5639A1AB3A5CF0094B2A7 /* mnstr1.wav in Resources */ = {isa = PBXBuildFile; fileRef = F4B563351AB3A5CF0094B2A7 /* mnstr1.wav */; };
		F4B5639B1AB3A5CF0094B2A7 /* mnstr10.wav in Resources */ = {isa = PBXBuildFile; fileRef = F4B563361AB3A5CF0094B2A7 /* mnstr10.wav */; };
		F4B5639C1AB3A5CF0094B2A7 /* mnstr11.wav in Resources */ = {isa = PBXBuildFile; fileRef = F4B563371AB3A5CF0094B2A7 /* mnstr11.wav */; };
		F4B5639D1AB3A5CF0094B2A7 /* mnstr12.wav in Resources */ = {isa = PBXBuildFile; fileRef = F4B563381AB3A5CF0094B2A7 /* mnstr12.wav */; };
		F4B5639E1AB3A5CF0094B2A7 /* mnstr13.wav in Resources */ = {isa = PBXBuildFile; fileRef = F4B563391AB3A5CF0094B2A7 /* mnstr13.wav */; };
		F4B5639F1AB3A5CF0094B2A7 /* mnstr14.wav in Resources */ = {isa = PBXBuildFile; fileRef = F4B5633A1AB3A5CF0094B2A7 /* mnstr14.wav */; };
		F4B563A01AB3A5CF0094B2A7 /* mnstr15.wav in Resources */ = {isa = PBXBuildFile; fileRef = F4B5633B1AB3A5CF0094B2A7 /* mnstr15.wav */; };
		F4B563A11AB3A5CF0094B2A7 /* mnstr2.wav in Resources */ = {isa = PBXBuildFile; fileRef = F4B5633C1AB3A5CF0094B2A7 /* mnstr2.wav */; };
		F4B563A21AB3A5CF0094B2A7 /* mnstr3.wav in Resources */ = {isa = PBXBuildFile; fileRef = F4B5633D1AB3A5CF0094B2A7 /* mnstr3.wav */; };
		F4B563A31AB3A5CF0094B2A7 /* mnstr4.wav in Resources */ = {isa = PBXBuildFile; fileRef = F4B5633E1AB3A5CF0094B2A7 /* mnstr4.wav */; };
		F4B563A41AB3A5CF0094B2A7 /* mnstr5.wav in Resources */ = {isa = PBXBuildFile; fileRef = F4B5633F1AB3A5CF0094B2A7 /* mnstr5.wav */; };
		F4B563A51AB3A5CF0094B2A7 /* mnstr6.wav in Resources */ = {isa = PBXBuildFile; fileRef = F4B563401AB3A5CF0094B2A7 /* mnstr6.wav */; };
		F4B563A61AB3A5CF0094B2A7 /* mnstr7.wav in Resources */ = {isa = PBXBuildFile; fileRef = F4B563411AB3A5CF0094B2A7 /* mnstr7.wav */; };
		F4B563A71AB3A5CF0094B2A7 /* mnstr8.wav in Resources */ = {isa = PBXBuildFile; fileRef = F4B563421AB3A5CF0094B2A7 /* mnstr8.wav */; };
		F4B563A81AB3A5CF0094B2A7 /* mnstr9.wav in Resources */ = {isa = PBXBuildFile; fileRef = F4B563431AB3A5CF0094B2A7 /* mnstr9.wav */; };
		F4B563A91AB3A5CF0094B2A7 /* wolfman.wav in Resources */ = {isa = PBXBuildFile; fileRef = F4B563451AB3A5CF0094B2A7 /* wolfman.wav */; };
		F4B563AA1AB3A5CF0094B2A7 /* ogre1.wav in Resources */ = {isa = PBXBuildFile; fileRef = F4B563471AB3A5CF0094B2A7 /* ogre1.wav */; };
		F4B563AB1AB3A5CF0094B2A7 /* ogre2.wav in Resources */ = {isa = PBXBuildFile; fileRef = F4B563481AB3A5CF0094B2A7 /* ogre2.wav */; };
		F4B563AC1AB3A5CF0094B2A7 /* ogre3.wav in Resources */ = {isa = PBXBuildFile; fileRef = F4B563491AB3A5CF0094B2A7 /* ogre3.wav */; };
		F4B563AD1AB3A5CF0094B2A7 /* ogre4.wav in Resources */ = {isa = PBXBuildFile; fileRef = F4B5634A1AB3A5CF0094B2A7 /* ogre4.wav */; };
		F4B563AE1AB3A5CF0094B2A7 /* ogre5.wav in Resources */ = {isa = PBXBuildFile; fileRef = F4B5634B1AB3A5CF0094B2A7 /* ogre5.wav */; };
		F4B563AF1AB3A5CF0094B2A7 /* shade1.wav in Resources */ = {isa = PBXBuildFile; fileRef = F4B5634D1AB3A5CF0094B2A7 /* shade1.wav */; };
		F4B563B01AB3A5CF0094B2A7 /* shade10.wav in Resources */ = {isa = PBXBuildFile; fileRef = F4B5634E1AB3A5CF0094B2A7 /* shade10.wav */; };
		F4B563B11AB3A5CF0094B2A7 /* shade11.wav in Resources */ = {isa = PBXBuildFile; fileRef = F4B5634F1AB3A5CF0094B2A7 /* shade11.wav */; };
		F4B563B21AB3A5CF0094B2A7 /* shade12.wav in Resources */ = {isa = PBXBuildFile; fileRef = F4B563501AB3A5CF0094B2A7 /* shade12.wav */; };
		F4B563B31AB3A5CF0094B2A7 /* shade13.wav in Resources */ = {isa = PBXBuildFile; fileRef = F4B563511AB3A5CF0094B2A7 /* shade13.wav */; };
		F4B563B41AB3A5CF0094B2A7 /* shade14.wav in Resources */ = {isa = PBXBuildFile; fileRef = F4B563521AB3A5CF0094B2A7 /* shade14.wav */; };
		F4B563B51AB3A5CF0094B2A7 /* shade15.wav in Resources */ = {isa = PBXBuildFile; fileRef = F4B563531AB3A5CF0094B2A7 /* shade15.wav */; };
		F4B563B61AB3A5CF0094B2A7 /* shade2.wav in Resources */ = {isa = PBXBuildFile; fileRef = F4B563541AB3A5CF0094B2A7 /* shade2.wav */; };
		F4B563B71AB3A5CF0094B2A7 /* shade3.wav in Resources */ = {isa = PBXBuildFile; fileRef = F4B563551AB3A5CF0094B2A7 /* shade3.wav */; };
		F4B563B81AB3A5CF0094B2A7 /* shade4.wav in Resources */ = {isa = PBXBuildFile; fileRef = F4B563561AB3A5CF0094B2A7 /* shade4.wav */; };
		F4B563B91AB3A5CF0094B2A7 /* shade5.wav in Resources */ = {isa = PBXBuildFile; fileRef = F4B563571AB3A5CF0094B2A7 /* shade5.wav */; };
		F4B563BA1AB3A5CF0094B2A7 /* shade6.wav in Resources */ = {isa = PBXBuildFile; fileRef = F4B563581AB3A5CF0094B2A7 /* shade6.wav */; };
		F4B563BB1AB3A5CF0094B2A7 /* shade7.wav in Resources */ = {isa = PBXBuildFile; fileRef = F4B563591AB3A5CF0094B2A7 /* shade7.wav */; };
		F4B563BC1AB3A5CF0094B2A7 /* shade8.wav in Resources */ = {isa = PBXBuildFile; fileRef = F4B5635A1AB3A5CF0094B2A7 /* shade8.wav */; };
		F4B563BD1AB3A5CF0094B2A7 /* shade9.wav in Resources */ = {isa = PBXBuildFile; fileRef = F4B5635B1AB3A5CF0094B2A7 /* shade9.wav */; };
		F4B563BE1AB3A5CF0094B2A7 /* slime1.wav in Resources */ = {isa = PBXBuildFile; fileRef = F4B5635D1AB3A5CF0094B2A7 /* slime1.wav */; };
		F4B563BF1AB3A5CF0094B2A7 /* slime10.wav in Resources */ = {isa = PBXBuildFile; fileRef = F4B5635E1AB3A5CF0094B2A7 /* slime10.wav */; };
		F4B563C01AB3A5CF0094B2A7 /* slime2.wav in Resources */ = {isa = PBXBuildFile; fileRef = F4B5635F1AB3A5CF0094B2A7 /* slime2.wav */; };
		F4B563C11AB3A5CF0094B2A7 /* slime3.wav in Resources */ = {isa = PBXBuildFile; fileRef = F4B563601AB3A5CF0094B2A7 /* slime3.wav */; };
		F4B563C21AB3A5CF0094B2A7 /* slime4.wav in Resources */ = {isa = PBXBuildFile; fileRef = F4B563611AB3A5CF0094B2A7 /* slime4.wav */; };
		F4B563C31AB3A5CF0094B2A7 /* slime5.wav in Resources */ = {isa = PBXBuildFile; fileRef = F4B563621AB3A5CF0094B2A7 /* slime5.wav */; };
		F4B563C41AB3A5CF0094B2A7 /* slime6.wav in Resources */ = {isa = PBXBuildFile; fileRef = F4B563631AB3A5CF0094B2A7 /* slime6.wav */; };
		F4B563C51AB3A5CF0094B2A7 /* slime7.wav in Resources */ = {isa = PBXBuildFile; fileRef = F4B563641AB3A5CF0094B2A7 /* slime7.wav */; };
		F4B563C61AB3A5CF0094B2A7 /* slime8.wav in Resources */ = {isa = PBXBuildFile; fileRef = F4B563651AB3A5CF0094B2A7 /* slime8.wav */; };
		F4B563C71AB3A5CF0094B2A7 /* slime9.wav in Resources */ = {isa = PBXBuildFile; fileRef = F4B563661AB3A5CF0094B2A7 /* slime9.wav */; };
		F4B563C81AB3A5CF0094B2A7 /* door.wav in Resources */ = {isa = PBXBuildFile; fileRef = F4B563681AB3A5CF0094B2A7 /* door.wav */; };
		F4B834901A9BB95300A839E5 /* Enemy.swift in Sources */ = {isa = PBXBuildFile; fileRef = F4B8348F1A9BB95200A839E5 /* Enemy.swift */; };
		F4CA5DE31AB55D92006DB177 /* TextureLoader.swift in Sources */ = {isa = PBXBuildFile; fileRef = F4CA5DE21AB55D92006DB177 /* TextureLoader.swift */; };
		F4D33B591A71EF7300DCD868 /* AppDelegate.swift in Sources */ = {isa = PBXBuildFile; fileRef = F4D33B581A71EF7300DCD868 /* AppDelegate.swift */; };
		F4D33B5F1A71EF7300DCD868 /* GameViewController.swift in Sources */ = {isa = PBXBuildFile; fileRef = F4D33B5E1A71EF7300DCD868 /* GameViewController.swift */; };
		F4D33B621A71EF7300DCD868 /* Main.storyboard in Resources */ = {isa = PBXBuildFile; fileRef = F4D33B601A71EF7300DCD868 /* Main.storyboard */; };
		F4D33B641A71EF7300DCD868 /* Images.xcassets in Resources */ = {isa = PBXBuildFile; fileRef = F4D33B631A71EF7300DCD868 /* Images.xcassets */; };
		F4D33B671A71EF7300DCD868 /* LaunchScreen.xib in Resources */ = {isa = PBXBuildFile; fileRef = F4D33B651A71EF7300DCD868 /* LaunchScreen.xib */; };
		F4D33B731A71EF7300DCD868 /* _60DemoTests.swift in Sources */ = {isa = PBXBuildFile; fileRef = F4D33B721A71EF7300DCD868 /* _60DemoTests.swift */; };
		F4DC7F281ABA0BDE00E98AD6 /* Attribute.swift in Sources */ = {isa = PBXBuildFile; fileRef = F4DC7F271ABA0BDE00E98AD6 /* Attribute.swift */; };
		F4DC7F2A1ABB5BDB00E98AD6 /* LevelTwo.swift in Sources */ = {isa = PBXBuildFile; fileRef = F4DC7F291ABB5BDB00E98AD6 /* LevelTwo.swift */; };
		F4DC7F2C1ABB5C0E00E98AD6 /* LevelThree.swift in Sources */ = {isa = PBXBuildFile; fileRef = F4DC7F2B1ABB5C0E00E98AD6 /* LevelThree.swift */; };
		F4DC7F2F1ABB5EAD00E98AD6 /* EnemyBoss.swift in Sources */ = {isa = PBXBuildFile; fileRef = F4DC7F2E1ABB5EAD00E98AD6 /* EnemyBoss.swift */; };
		F4DC7F361ABC3DAF00E98AD6 /* NewMage-ability.atlas in Resources */ = {isa = PBXBuildFile; fileRef = F4DC7F301ABC3DAF00E98AD6 /* NewMage-ability.atlas */; };
		F4DC7F371ABC3DAF00E98AD6 /* NewMage-attack.atlas in Resources */ = {isa = PBXBuildFile; fileRef = F4DC7F311ABC3DAF00E98AD6 /* NewMage-attack.atlas */; };
		F4DC7F381ABC3DAF00E98AD6 /* NewMage-death.atlas in Resources */ = {isa = PBXBuildFile; fileRef = F4DC7F321ABC3DAF00E98AD6 /* NewMage-death.atlas */; };
		F4DC7F391ABC3DAF00E98AD6 /* NewMage-stand.atlas in Resources */ = {isa = PBXBuildFile; fileRef = F4DC7F331ABC3DAF00E98AD6 /* NewMage-stand.atlas */; };
		F4DC7F3A1ABC3DAF00E98AD6 /* NewMage-stumble.atlas in Resources */ = {isa = PBXBuildFile; fileRef = F4DC7F341ABC3DAF00E98AD6 /* NewMage-stumble.atlas */; };
		F4DC7F3B1ABC3DAF00E98AD6 /* NewMage-walk.atlas in Resources */ = {isa = PBXBuildFile; fileRef = F4DC7F351ABC3DAF00E98AD6 /* NewMage-walk.atlas */; };
		F4DD1DCF1AB54F30006B200A /* ButtonAreaHeal.swift in Sources */ = {isa = PBXBuildFile; fileRef = F4DD1DCE1AB54F30006B200A /* ButtonAreaHeal.swift */; };
		F4E896421AA128E000406784 /* Game.swift in Sources */ = {isa = PBXBuildFile; fileRef = F4E896411AA128E000406784 /* Game.swift */; };
/* End PBXBuildFile section */

/* Begin PBXContainerItemProxy section */
		F4D33B6D1A71EF7300DCD868 /* PBXContainerItemProxy */ = {
			isa = PBXContainerItemProxy;
			containerPortal = F4D33B4B1A71EF7300DCD868 /* Project object */;
			proxyType = 1;
			remoteGlobalIDString = F4D33B521A71EF7300DCD868;
			remoteInfo = 460Demo;
		};
/* End PBXContainerItemProxy section */

/* Begin PBXFileReference section */
		68038FE01AA56B8C0053A963 /* Timer.swift */ = {isa = PBXFileReference; fileEncoding = 4; lastKnownFileType = sourcecode.swift; path = Timer.swift; sourceTree = "<group>"; };
		682944DE1AB5787000680A36 /* Heal.swift */ = {isa = PBXFileReference; fileEncoding = 4; lastKnownFileType = sourcecode.swift; path = Heal.swift; sourceTree = "<group>"; };
		682944E01AB578A200680A36 /* Shrink.swift */ = {isa = PBXFileReference; fileEncoding = 4; lastKnownFileType = sourcecode.swift; path = Shrink.swift; sourceTree = "<group>"; };
		6850A0851A91606100B8CAD4 /* SplashViewController.swift */ = {isa = PBXFileReference; fileEncoding = 4; lastKnownFileType = sourcecode.swift; path = SplashViewController.swift; sourceTree = "<group>"; };
		6850A0871A91632F00B8CAD4 /* LobbyViewController.swift */ = {isa = PBXFileReference; fileEncoding = 4; lastKnownFileType = sourcecode.swift; path = LobbyViewController.swift; sourceTree = "<group>"; };
		68A18D411AA8719E001CCE1D /* ios-ntp.h */ = {isa = PBXFileReference; fileEncoding = 4; lastKnownFileType = sourcecode.c.h; path = "ios-ntp.h"; sourceTree = "<group>"; };
		68A18D421AA8719E001CCE1D /* ios-ntp.pch */ = {isa = PBXFileReference; fileEncoding = 4; lastKnownFileType = sourcecode.c.h; path = "ios-ntp.pch"; sourceTree = "<group>"; };
		68A18D431AA8719E001CCE1D /* NetAssociation.h */ = {isa = PBXFileReference; fileEncoding = 4; lastKnownFileType = sourcecode.c.h; path = NetAssociation.h; sourceTree = "<group>"; };
		68A18D441AA8719E001CCE1D /* NetAssociation.m */ = {isa = PBXFileReference; fileEncoding = 4; lastKnownFileType = sourcecode.c.objc; path = NetAssociation.m; sourceTree = "<group>"; };
		68A18D451AA8719E001CCE1D /* NetworkClock.h */ = {isa = PBXFileReference; fileEncoding = 4; lastKnownFileType = sourcecode.c.h; path = NetworkClock.h; sourceTree = "<group>"; };
		68A18D461AA8719E001CCE1D /* NetworkClock.m */ = {isa = PBXFileReference; fileEncoding = 4; lastKnownFileType = sourcecode.c.objc; path = NetworkClock.m; sourceTree = "<group>"; };
		68A18D471AA8719E001CCE1D /* Notes */ = {isa = PBXFileReference; fileEncoding = 4; lastKnownFileType = text; path = Notes; sourceTree = "<group>"; };
		68A18D481AA8719E001CCE1D /* NSDate+NetworkClock.h */ = {isa = PBXFileReference; fileEncoding = 4; lastKnownFileType = sourcecode.c.h; path = "NSDate+NetworkClock.h"; sourceTree = "<group>"; };
		68A18D491AA8719E001CCE1D /* NSDate+NetworkClock.m */ = {isa = PBXFileReference; fileEncoding = 4; lastKnownFileType = sourcecode.c.objc; path = "NSDate+NetworkClock.m"; sourceTree = "<group>"; };
		68A18D4B1AA8719E001CCE1D /* GCDAsyncUdpSocket.h */ = {isa = PBXFileReference; fileEncoding = 4; lastKnownFileType = sourcecode.c.h; path = GCDAsyncUdpSocket.h; sourceTree = "<group>"; };
		68A18D4C1AA8719E001CCE1D /* GCDAsyncUdpSocket.m */ = {isa = PBXFileReference; fileEncoding = 4; lastKnownFileType = sourcecode.c.objc; path = GCDAsyncUdpSocket.m; sourceTree = "<group>"; };
		68A18D4D1AA8719E001CCE1D /* ntp.hosts */ = {isa = PBXFileReference; fileEncoding = 4; lastKnownFileType = text; path = ntp.hosts; sourceTree = "<group>"; };
		68A18D551AA8732F001CCE1D /* 460Demo-Bridging-Header.h */ = {isa = PBXFileReference; fileEncoding = 4; lastKnownFileType = sourcecode.c.h; path = "460Demo-Bridging-Header.h"; sourceTree = "<group>"; };
		68B7DBF11A84C306003D9398 /* AppWarpHelper.swift */ = {isa = PBXFileReference; fileEncoding = 4; lastKnownFileType = sourcecode.swift; path = AppWarpHelper.swift; sourceTree = "<group>"; };
		68B7DBF21A84C306003D9398 /* ConnectionListener.swift */ = {isa = PBXFileReference; fileEncoding = 4; lastKnownFileType = sourcecode.swift; path = ConnectionListener.swift; sourceTree = "<group>"; };
		68B7DBF31A84C306003D9398 /* NotificationListener.swift */ = {isa = PBXFileReference; fileEncoding = 4; lastKnownFileType = sourcecode.swift; path = NotificationListener.swift; sourceTree = "<group>"; };
		68B7DBF41A84C306003D9398 /* RoomListener.swift */ = {isa = PBXFileReference; fileEncoding = 4; lastKnownFileType = sourcecode.swift; path = RoomListener.swift; sourceTree = "<group>"; };
		68B7DBF51A84C306003D9398 /* ZoneListener.swift */ = {isa = PBXFileReference; fileEncoding = 4; lastKnownFileType = sourcecode.swift; path = ZoneListener.swift; sourceTree = "<group>"; };
		68B7DBFC1A84C316003D9398 /* AppWarp_iOS_SDK.framework */ = {isa = PBXFileReference; lastKnownFileType = wrapper.framework; path = AppWarp_iOS_SDK.framework; sourceTree = "<group>"; };
		68C08F6D1ABA198700AEEF3E /* NetworkManager.swift */ = {isa = PBXFileReference; fileEncoding = 4; lastKnownFileType = sourcecode.swift; path = NetworkManager.swift; sourceTree = "<group>"; };
		68DADF481AB56FE800A20800 /* ButtonTaunt.swift */ = {isa = PBXFileReference; fileEncoding = 4; lastKnownFileType = sourcecode.swift; name = ButtonTaunt.swift; path = Abilities/ButtonTaunt.swift; sourceTree = "<group>"; };
		68DADF4E1AB5738800A20800 /* AreaHeal.swift */ = {isa = PBXFileReference; fileEncoding = 4; lastKnownFileType = sourcecode.swift; path = AreaHeal.swift; sourceTree = "<group>"; };
		68DADF4F1AB5738800A20800 /* Enrage.swift */ = {isa = PBXFileReference; fileEncoding = 4; lastKnownFileType = sourcecode.swift; path = Enrage.swift; sourceTree = "<group>"; };
		68DADF511AB5738800A20800 /* Taunt.swift */ = {isa = PBXFileReference; fileEncoding = 4; lastKnownFileType = sourcecode.swift; path = Taunt.swift; sourceTree = "<group>"; };
		68DADF521AB5738800A20800 /* Attack.swift */ = {isa = PBXFileReference; fileEncoding = 4; lastKnownFileType = sourcecode.swift; path = Attack.swift; sourceTree = "<group>"; };
		68DADF531AB5738800A20800 /* Idle.swift */ = {isa = PBXFileReference; fileEncoding = 4; lastKnownFileType = sourcecode.swift; path = Idle.swift; sourceTree = "<group>"; };
		68DADF541AB5738800A20800 /* Move.swift */ = {isa = PBXFileReference; fileEncoding = 4; lastKnownFileType = sourcecode.swift; path = Move.swift; sourceTree = "<group>"; };
		68DADF551AB5738800A20800 /* NoneOrder.swift */ = {isa = PBXFileReference; fileEncoding = 4; lastKnownFileType = sourcecode.swift; path = NoneOrder.swift; sourceTree = "<group>"; };
		68DADF561AB5738800A20800 /* Order.swift */ = {isa = PBXFileReference; fileEncoding = 4; lastKnownFileType = sourcecode.swift; path = Order.swift; sourceTree = "<group>"; };
		68DADF571AB5738800A20800 /* RoamAttack.swift */ = {isa = PBXFileReference; fileEncoding = 4; lastKnownFileType = sourcecode.swift; path = RoamAttack.swift; sourceTree = "<group>"; };
		68DADF581AB5738800A20800 /* Transient.swift */ = {isa = PBXFileReference; fileEncoding = 4; lastKnownFileType = sourcecode.swift; path = Transient.swift; sourceTree = "<group>"; };
		68F35CA91A84C4D5004905BF /* GameScene.sks */ = {isa = PBXFileReference; lastKnownFileType = file.sks; path = GameScene.sks; sourceTree = "<group>"; };
		68F35CAA1A84C4D5004905BF /* GameScene.swift */ = {isa = PBXFileReference; fileEncoding = 4; lastKnownFileType = sourcecode.swift; lineEnding = 0; path = GameScene.swift; sourceTree = "<group>"; xcLanguageSpecificationIdentifier = xcode.lang.swift; };
		68F35CB11A84C540004905BF /* Projectile.swift */ = {isa = PBXFileReference; fileEncoding = 4; lastKnownFileType = sourcecode.swift; path = Projectile.swift; sourceTree = "<group>"; };
		68F35CB21A84C540004905BF /* Unit.swift */ = {isa = PBXFileReference; fileEncoding = 4; lastKnownFileType = sourcecode.swift; path = Unit.swift; sourceTree = "<group>"; };
		68F35CB31A84C540004905BF /* Warrior.swift */ = {isa = PBXFileReference; fileEncoding = 4; lastKnownFileType = sourcecode.swift; lineEnding = 0; path = Warrior.swift; sourceTree = "<group>"; xcLanguageSpecificationIdentifier = xcode.lang.swift; };
		E72E672A1AB624DC0082E7B4 /* Warrior-walk.atlas */ = {isa = PBXFileReference; lastKnownFileType = folder.skatlas; path = "Warrior-walk.atlas"; sourceTree = "<group>"; };
		E72E672C1AB626B20082E7B4 /* Warrior-attack.atlas */ = {isa = PBXFileReference; lastKnownFileType = folder.skatlas; path = "Warrior-attack.atlas"; sourceTree = "<group>"; };
		E72E672E1AB629CB0082E7B4 /* Warrior-stumble.atlas */ = {isa = PBXFileReference; lastKnownFileType = folder.skatlas; path = "Warrior-stumble.atlas"; sourceTree = "<group>"; };
		E72E67301AB630300082E7B4 /* Warrior-ability.atlas */ = {isa = PBXFileReference; lastKnownFileType = folder.skatlas; path = "Warrior-ability.atlas"; sourceTree = "<group>"; };
		E72E67311AB630300082E7B4 /* Warrior-death.atlas */ = {isa = PBXFileReference; lastKnownFileType = folder.skatlas; path = "Warrior-death.atlas"; sourceTree = "<group>"; };
		E75F4FB81AB0DA0F00C3D76E /* LevelOne.swift */ = {isa = PBXFileReference; fileEncoding = 4; lastKnownFileType = sourcecode.swift; path = LevelOne.swift; sourceTree = "<group>"; };
		E75F4FBA1AB0DE1B00C3D76E /* Level.swift */ = {isa = PBXFileReference; fileEncoding = 4; lastKnownFileType = sourcecode.swift; path = Level.swift; sourceTree = "<group>"; };
		E7E2DDBB1ABA0E1E003C9812 /* VIDA_10.png */ = {isa = PBXFileReference; lastKnownFileType = image.png; name = VIDA_10.png; path = GameCoreClasses/VIDA_10.png; sourceTree = "<group>"; };
		E7E5E2781AB6345E00554839 /* Mage-ability.atlas */ = {isa = PBXFileReference; lastKnownFileType = folder.skatlas; path = "Mage-ability.atlas"; sourceTree = "<group>"; };
		E7E5E27A1AB6364B00554839 /* Mage-walk.atlas */ = {isa = PBXFileReference; lastKnownFileType = folder.skatlas; path = "Mage-walk.atlas"; sourceTree = "<group>"; };
		E7E5E27B1AB6364B00554839 /* Mage-stumble.atlas */ = {isa = PBXFileReference; lastKnownFileType = folder.skatlas; path = "Mage-stumble.atlas"; sourceTree = "<group>"; };
		E7E5E27C1AB6364B00554839 /* Mage-death.atlas */ = {isa = PBXFileReference; lastKnownFileType = folder.skatlas; path = "Mage-death.atlas"; sourceTree = "<group>"; };
		E7E5E27D1AB6364B00554839 /* Mage-attack.atlas */ = {isa = PBXFileReference; lastKnownFileType = folder.skatlas; path = "Mage-attack.atlas"; sourceTree = "<group>"; };
		F402F68E1AB51AF300A930C2 /* EnemyMage.swift */ = {isa = PBXFileReference; fileEncoding = 4; lastKnownFileType = sourcecode.swift; path = EnemyMage.swift; sourceTree = "<group>"; };
		F42A960E1AB56CD300E07C67 /* ButtonShrink.swift */ = {isa = PBXFileReference; fileEncoding = 4; lastKnownFileType = sourcecode.swift; path = ButtonShrink.swift; sourceTree = "<group>"; };
		F42FD5AC1A880282002C6624 /* SerializableJSON.swift */ = {isa = PBXFileReference; fileEncoding = 4; lastKnownFileType = sourcecode.swift; path = SerializableJSON.swift; sourceTree = "<group>"; };
		F42FD5AE1A895D4F002C6624 /* Background1.png */ = {isa = PBXFileReference; lastKnownFileType = image.png; name = Background1.png; path = ../Background1.png; sourceTree = "<group>"; };
		F4B5047B1A90175B007CDBA8 /* PType.swift */ = {isa = PBXFileReference; fileEncoding = 4; lastKnownFileType = sourcecode.swift; path = PType.swift; sourceTree = "<group>"; };
		F4B504811A9234B9007CDBA8 /* TargetDummy.swift */ = {isa = PBXFileReference; fileEncoding = 4; lastKnownFileType = sourcecode.swift; path = TargetDummy.swift; sourceTree = "<group>"; };
		F4B562E91AB0D82E0094B2A7 /* ButtonHeal.swift */ = {isa = PBXFileReference; fileEncoding = 4; lastKnownFileType = sourcecode.swift; path = ButtonHeal.swift; sourceTree = "<group>"; };
		F4B562EB1AB0D8C20094B2A7 /* Ability.swift */ = {isa = PBXFileReference; fileEncoding = 4; lastKnownFileType = sourcecode.swift; path = Ability.swift; sourceTree = "<group>"; };
		F4B562F31AB287F40094B2A7 /* Mage.swift */ = {isa = PBXFileReference; fileEncoding = 4; lastKnownFileType = sourcecode.swift; path = Mage.swift; sourceTree = "<group>"; };
		F4B562F71AB38A9A0094B2A7 /* ButtonEnrage.swift */ = {isa = PBXFileReference; fileEncoding = 4; lastKnownFileType = sourcecode.swift; path = ButtonEnrage.swift; sourceTree = "<group>"; };
		F4B562FD1AB3A5CE0094B2A7 /* magic1.wav */ = {isa = PBXFileReference; lastKnownFileType = audio.wav; path = magic1.wav; sourceTree = "<group>"; };
		F4B562FE1AB3A5CE0094B2A7 /* spell.wav */ = {isa = PBXFileReference; lastKnownFileType = audio.wav; path = spell.wav; sourceTree = "<group>"; };
		F4B562FF1AB3A5CE0094B2A7 /* swing.wav */ = {isa = PBXFileReference; lastKnownFileType = audio.wav; path = swing.wav; sourceTree = "<group>"; };
		F4B563001AB3A5CE0094B2A7 /* swing2.wav */ = {isa = PBXFileReference; lastKnownFileType = audio.wav; path = swing2.wav; sourceTree = "<group>"; };
		F4B563011AB3A5CE0094B2A7 /* swing3.wav */ = {isa = PBXFileReference; lastKnownFileType = audio.wav; path = swing3.wav; sourceTree = "<group>"; };
		F4B563021AB3A5CE0094B2A7 /* sword-unsheathe.wav */ = {isa = PBXFileReference; lastKnownFileType = audio.wav; path = "sword-unsheathe.wav"; sourceTree = "<group>"; };
		F4B563031AB3A5CE0094B2A7 /* sword-unsheathe2.wav */ = {isa = PBXFileReference; lastKnownFileType = audio.wav; path = "sword-unsheathe2.wav"; sourceTree = "<group>"; };
		F4B563041AB3A5CE0094B2A7 /* sword-unsheathe3.wav */ = {isa = PBXFileReference; lastKnownFileType = audio.wav; path = "sword-unsheathe3.wav"; sourceTree = "<group>"; };
		F4B563051AB3A5CE0094B2A7 /* sword-unsheathe4.wav */ = {isa = PBXFileReference; lastKnownFileType = audio.wav; path = "sword-unsheathe4.wav"; sourceTree = "<group>"; };
		F4B563061AB3A5CE0094B2A7 /* sword-unsheathe5.wav */ = {isa = PBXFileReference; lastKnownFileType = audio.wav; path = "sword-unsheathe5.wav"; sourceTree = "<group>"; };
		F4B563081AB3A5CE0094B2A7 /* interface1.wav */ = {isa = PBXFileReference; lastKnownFileType = audio.wav; path = interface1.wav; sourceTree = "<group>"; };
		F4B563091AB3A5CE0094B2A7 /* interface2.wav */ = {isa = PBXFileReference; lastKnownFileType = audio.wav; path = interface2.wav; sourceTree = "<group>"; };
		F4B5630A1AB3A5CE0094B2A7 /* interface3.wav */ = {isa = PBXFileReference; lastKnownFileType = audio.wav; path = interface3.wav; sourceTree = "<group>"; };
		F4B5630B1AB3A5CE0094B2A7 /* interface4.wav */ = {isa = PBXFileReference; lastKnownFileType = audio.wav; path = interface4.wav; sourceTree = "<group>"; };
		F4B5630C1AB3A5CE0094B2A7 /* interface5.wav */ = {isa = PBXFileReference; lastKnownFileType = audio.wav; path = interface5.wav; sourceTree = "<group>"; };
		F4B5630D1AB3A5CE0094B2A7 /* interface6.wav */ = {isa = PBXFileReference; lastKnownFileType = audio.wav; path = interface6.wav; sourceTree = "<group>"; };
		F4B5630F1AB3A5CE0094B2A7 /* armor-light.wav */ = {isa = PBXFileReference; lastKnownFileType = audio.wav; path = "armor-light.wav"; sourceTree = "<group>"; };
		F4B563101AB3A5CE0094B2A7 /* beads.wav */ = {isa = PBXFileReference; lastKnownFileType = audio.wav; path = beads.wav; sourceTree = "<group>"; };
		F4B563111AB3A5CE0094B2A7 /* bottle.wav */ = {isa = PBXFileReference; lastKnownFileType = audio.wav; path = bottle.wav; sourceTree = "<group>"; };
		F4B563121AB3A5CE0094B2A7 /* bubble.wav */ = {isa = PBXFileReference; lastKnownFileType = audio.wav; path = bubble.wav; sourceTree = "<group>"; };
		F4B563131AB3A5CE0094B2A7 /* bubble2.wav */ = {isa = PBXFileReference; lastKnownFileType = audio.wav; path = bubble2.wav; sourceTree = "<group>"; };
		F4B563141AB3A5CE0094B2A7 /* bubble3.wav */ = {isa = PBXFileReference; lastKnownFileType = audio.wav; path = bubble3.wav; sourceTree = "<group>"; };
		F4B563151AB3A5CE0094B2A7 /* chainmail1.wav */ = {isa = PBXFileReference; lastKnownFileType = audio.wav; path = chainmail1.wav; sourceTree = "<group>"; };
		F4B563161AB3A5CE0094B2A7 /* chainmail2.wav */ = {isa = PBXFileReference; lastKnownFileType = audio.wav; path = chainmail2.wav; sourceTree = "<group>"; };
		F4B563171AB3A5CE0094B2A7 /* cloth-heavy.wav */ = {isa = PBXFileReference; lastKnownFileType = audio.wav; path = "cloth-heavy.wav"; sourceTree = "<group>"; };
		F4B563181AB3A5CE0094B2A7 /* cloth.wav */ = {isa = PBXFileReference; lastKnownFileType = audio.wav; path = cloth.wav; sourceTree = "<group>"; };
		F4B563191AB3A5CE0094B2A7 /* coin.wav */ = {isa = PBXFileReference; lastKnownFileType = audio.wav; path = coin.wav; sourceTree = "<group>"; };
		F4B5631A1AB3A5CE0094B2A7 /* coin2.wav */ = {isa = PBXFileReference; lastKnownFileType = audio.wav; path = coin2.wav; sourceTree = "<group>"; };
		F4B5631B1AB3A5CE0094B2A7 /* coin3.wav */ = {isa = PBXFileReference; lastKnownFileType = audio.wav; path = coin3.wav; sourceTree = "<group>"; };
		F4B5631C1AB3A5CE0094B2A7 /* metal-ringing.wav */ = {isa = PBXFileReference; lastKnownFileType = audio.wav; path = "metal-ringing.wav"; sourceTree = "<group>"; };
		F4B5631D1AB3A5CE0094B2A7 /* metal-small1.wav */ = {isa = PBXFileReference; lastKnownFileType = audio.wav; path = "metal-small1.wav"; sourceTree = "<group>"; };
		F4B5631E1AB3A5CE0094B2A7 /* metal-small2.wav */ = {isa = PBXFileReference; lastKnownFileType = audio.wav; path = "metal-small2.wav"; sourceTree = "<group>"; };
		F4B5631F1AB3A5CF0094B2A7 /* metal-small3.wav */ = {isa = PBXFileReference; lastKnownFileType = audio.wav; path = "metal-small3.wav"; sourceTree = "<group>"; };
		F4B563201AB3A5CF0094B2A7 /* wood-small.wav */ = {isa = PBXFileReference; lastKnownFileType = audio.wav; path = "wood-small.wav"; sourceTree = "<group>"; };
		F4B563221AB3A5CF0094B2A7 /* burp.wav */ = {isa = PBXFileReference; lastKnownFileType = audio.wav; path = burp.wav; sourceTree = "<group>"; };
		F4B563231AB3A5CF0094B2A7 /* random1.wav */ = {isa = PBXFileReference; lastKnownFileType = audio.wav; path = random1.wav; sourceTree = "<group>"; };
		F4B563241AB3A5CF0094B2A7 /* random2.wav */ = {isa = PBXFileReference; lastKnownFileType = audio.wav; path = random2.wav; sourceTree = "<group>"; };
		F4B563251AB3A5CF0094B2A7 /* random3.wav */ = {isa = PBXFileReference; lastKnownFileType = audio.wav; path = random3.wav; sourceTree = "<group>"; };
		F4B563261AB3A5CF0094B2A7 /* random4.wav */ = {isa = PBXFileReference; lastKnownFileType = audio.wav; path = random4.wav; sourceTree = "<group>"; };
		F4B563271AB3A5CF0094B2A7 /* random5.wav */ = {isa = PBXFileReference; lastKnownFileType = audio.wav; path = random5.wav; sourceTree = "<group>"; };
		F4B563281AB3A5CF0094B2A7 /* random6.wav */ = {isa = PBXFileReference; lastKnownFileType = audio.wav; path = random6.wav; sourceTree = "<group>"; };
		F4B5632B1AB3A5CF0094B2A7 /* bite-small.wav */ = {isa = PBXFileReference; lastKnownFileType = audio.wav; path = "bite-small.wav"; sourceTree = "<group>"; };
		F4B5632C1AB3A5CF0094B2A7 /* bite-small2.wav */ = {isa = PBXFileReference; lastKnownFileType = audio.wav; path = "bite-small2.wav"; sourceTree = "<group>"; };
		F4B5632D1AB3A5CF0094B2A7 /* bite-small3.wav */ = {isa = PBXFileReference; lastKnownFileType = audio.wav; path = "bite-small3.wav"; sourceTree = "<group>"; };
		F4B5632F1AB3A5CF0094B2A7 /* giant1.wav */ = {isa = PBXFileReference; lastKnownFileType = audio.wav; path = giant1.wav; sourceTree = "<group>"; };
		F4B563301AB3A5CF0094B2A7 /* giant2.wav */ = {isa = PBXFileReference; lastKnownFileType = audio.wav; path = giant2.wav; sourceTree = "<group>"; };
		F4B563311AB3A5CF0094B2A7 /* giant3.wav */ = {isa = PBXFileReference; lastKnownFileType = audio.wav; path = giant3.wav; sourceTree = "<group>"; };
		F4B563321AB3A5CF0094B2A7 /* giant4.wav */ = {isa = PBXFileReference; lastKnownFileType = audio.wav; path = giant4.wav; sourceTree = "<group>"; };
		F4B563331AB3A5CF0094B2A7 /* giant5.wav */ = {isa = PBXFileReference; lastKnownFileType = audio.wav; path = giant5.wav; sourceTree = "<group>"; };
		F4B563351AB3A5CF0094B2A7 /* mnstr1.wav */ = {isa = PBXFileReference; lastKnownFileType = audio.wav; path = mnstr1.wav; sourceTree = "<group>"; };
		F4B563361AB3A5CF0094B2A7 /* mnstr10.wav */ = {isa = PBXFileReference; lastKnownFileType = audio.wav; path = mnstr10.wav; sourceTree = "<group>"; };
		F4B563371AB3A5CF0094B2A7 /* mnstr11.wav */ = {isa = PBXFileReference; lastKnownFileType = audio.wav; path = mnstr11.wav; sourceTree = "<group>"; };
		F4B563381AB3A5CF0094B2A7 /* mnstr12.wav */ = {isa = PBXFileReference; lastKnownFileType = audio.wav; path = mnstr12.wav; sourceTree = "<group>"; };
		F4B563391AB3A5CF0094B2A7 /* mnstr13.wav */ = {isa = PBXFileReference; lastKnownFileType = audio.wav; path = mnstr13.wav; sourceTree = "<group>"; };
		F4B5633A1AB3A5CF0094B2A7 /* mnstr14.wav */ = {isa = PBXFileReference; lastKnownFileType = audio.wav; path = mnstr14.wav; sourceTree = "<group>"; };
		F4B5633B1AB3A5CF0094B2A7 /* mnstr15.wav */ = {isa = PBXFileReference; lastKnownFileType = audio.wav; path = mnstr15.wav; sourceTree = "<group>"; };
		F4B5633C1AB3A5CF0094B2A7 /* mnstr2.wav */ = {isa = PBXFileReference; lastKnownFileType = audio.wav; path = mnstr2.wav; sourceTree = "<group>"; };
		F4B5633D1AB3A5CF0094B2A7 /* mnstr3.wav */ = {isa = PBXFileReference; lastKnownFileType = audio.wav; path = mnstr3.wav; sourceTree = "<group>"; };
		F4B5633E1AB3A5CF0094B2A7 /* mnstr4.wav */ = {isa = PBXFileReference; lastKnownFileType = audio.wav; path = mnstr4.wav; sourceTree = "<group>"; };
		F4B5633F1AB3A5CF0094B2A7 /* mnstr5.wav */ = {isa = PBXFileReference; lastKnownFileType = audio.wav; path = mnstr5.wav; sourceTree = "<group>"; };
		F4B563401AB3A5CF0094B2A7 /* mnstr6.wav */ = {isa = PBXFileReference; lastKnownFileType = audio.wav; path = mnstr6.wav; sourceTree = "<group>"; };
		F4B563411AB3A5CF0094B2A7 /* mnstr7.wav */ = {isa = PBXFileReference; lastKnownFileType = audio.wav; path = mnstr7.wav; sourceTree = "<group>"; };
		F4B563421AB3A5CF0094B2A7 /* mnstr8.wav */ = {isa = PBXFileReference; lastKnownFileType = audio.wav; path = mnstr8.wav; sourceTree = "<group>"; };
		F4B563431AB3A5CF0094B2A7 /* mnstr9.wav */ = {isa = PBXFileReference; lastKnownFileType = audio.wav; path = mnstr9.wav; sourceTree = "<group>"; };
		F4B563451AB3A5CF0094B2A7 /* wolfman.wav */ = {isa = PBXFileReference; lastKnownFileType = audio.wav; path = wolfman.wav; sourceTree = "<group>"; };
		F4B563471AB3A5CF0094B2A7 /* ogre1.wav */ = {isa = PBXFileReference; lastKnownFileType = audio.wav; path = ogre1.wav; sourceTree = "<group>"; };
		F4B563481AB3A5CF0094B2A7 /* ogre2.wav */ = {isa = PBXFileReference; lastKnownFileType = audio.wav; path = ogre2.wav; sourceTree = "<group>"; };
		F4B563491AB3A5CF0094B2A7 /* ogre3.wav */ = {isa = PBXFileReference; lastKnownFileType = audio.wav; path = ogre3.wav; sourceTree = "<group>"; };
		F4B5634A1AB3A5CF0094B2A7 /* ogre4.wav */ = {isa = PBXFileReference; lastKnownFileType = audio.wav; path = ogre4.wav; sourceTree = "<group>"; };
		F4B5634B1AB3A5CF0094B2A7 /* ogre5.wav */ = {isa = PBXFileReference; lastKnownFileType = audio.wav; path = ogre5.wav; sourceTree = "<group>"; };
		F4B5634D1AB3A5CF0094B2A7 /* shade1.wav */ = {isa = PBXFileReference; lastKnownFileType = audio.wav; path = shade1.wav; sourceTree = "<group>"; };
		F4B5634E1AB3A5CF0094B2A7 /* shade10.wav */ = {isa = PBXFileReference; lastKnownFileType = audio.wav; path = shade10.wav; sourceTree = "<group>"; };
		F4B5634F1AB3A5CF0094B2A7 /* shade11.wav */ = {isa = PBXFileReference; lastKnownFileType = audio.wav; path = shade11.wav; sourceTree = "<group>"; };
		F4B563501AB3A5CF0094B2A7 /* shade12.wav */ = {isa = PBXFileReference; lastKnownFileType = audio.wav; path = shade12.wav; sourceTree = "<group>"; };
		F4B563511AB3A5CF0094B2A7 /* shade13.wav */ = {isa = PBXFileReference; lastKnownFileType = audio.wav; path = shade13.wav; sourceTree = "<group>"; };
		F4B563521AB3A5CF0094B2A7 /* shade14.wav */ = {isa = PBXFileReference; lastKnownFileType = audio.wav; path = shade14.wav; sourceTree = "<group>"; };
		F4B563531AB3A5CF0094B2A7 /* shade15.wav */ = {isa = PBXFileReference; lastKnownFileType = audio.wav; path = shade15.wav; sourceTree = "<group>"; };
		F4B563541AB3A5CF0094B2A7 /* shade2.wav */ = {isa = PBXFileReference; lastKnownFileType = audio.wav; path = shade2.wav; sourceTree = "<group>"; };
		F4B563551AB3A5CF0094B2A7 /* shade3.wav */ = {isa = PBXFileReference; lastKnownFileType = audio.wav; path = shade3.wav; sourceTree = "<group>"; };
		F4B563561AB3A5CF0094B2A7 /* shade4.wav */ = {isa = PBXFileReference; lastKnownFileType = audio.wav; path = shade4.wav; sourceTree = "<group>"; };
		F4B563571AB3A5CF0094B2A7 /* shade5.wav */ = {isa = PBXFileReference; lastKnownFileType = audio.wav; path = shade5.wav; sourceTree = "<group>"; };
		F4B563581AB3A5CF0094B2A7 /* shade6.wav */ = {isa = PBXFileReference; lastKnownFileType = audio.wav; path = shade6.wav; sourceTree = "<group>"; };
		F4B563591AB3A5CF0094B2A7 /* shade7.wav */ = {isa = PBXFileReference; lastKnownFileType = audio.wav; path = shade7.wav; sourceTree = "<group>"; };
		F4B5635A1AB3A5CF0094B2A7 /* shade8.wav */ = {isa = PBXFileReference; lastKnownFileType = audio.wav; path = shade8.wav; sourceTree = "<group>"; };
		F4B5635B1AB3A5CF0094B2A7 /* shade9.wav */ = {isa = PBXFileReference; lastKnownFileType = audio.wav; path = shade9.wav; sourceTree = "<group>"; };
		F4B5635D1AB3A5CF0094B2A7 /* slime1.wav */ = {isa = PBXFileReference; lastKnownFileType = audio.wav; path = slime1.wav; sourceTree = "<group>"; };
		F4B5635E1AB3A5CF0094B2A7 /* slime10.wav */ = {isa = PBXFileReference; lastKnownFileType = audio.wav; path = slime10.wav; sourceTree = "<group>"; };
		F4B5635F1AB3A5CF0094B2A7 /* slime2.wav */ = {isa = PBXFileReference; lastKnownFileType = audio.wav; path = slime2.wav; sourceTree = "<group>"; };
		F4B563601AB3A5CF0094B2A7 /* slime3.wav */ = {isa = PBXFileReference; lastKnownFileType = audio.wav; path = slime3.wav; sourceTree = "<group>"; };
		F4B563611AB3A5CF0094B2A7 /* slime4.wav */ = {isa = PBXFileReference; lastKnownFileType = audio.wav; path = slime4.wav; sourceTree = "<group>"; };
		F4B563621AB3A5CF0094B2A7 /* slime5.wav */ = {isa = PBXFileReference; lastKnownFileType = audio.wav; path = slime5.wav; sourceTree = "<group>"; };
		F4B563631AB3A5CF0094B2A7 /* slime6.wav */ = {isa = PBXFileReference; lastKnownFileType = audio.wav; path = slime6.wav; sourceTree = "<group>"; };
		F4B563641AB3A5CF0094B2A7 /* slime7.wav */ = {isa = PBXFileReference; lastKnownFileType = audio.wav; path = slime7.wav; sourceTree = "<group>"; };
		F4B563651AB3A5CF0094B2A7 /* slime8.wav */ = {isa = PBXFileReference; lastKnownFileType = audio.wav; path = slime8.wav; sourceTree = "<group>"; };
		F4B563661AB3A5CF0094B2A7 /* slime9.wav */ = {isa = PBXFileReference; lastKnownFileType = audio.wav; path = slime9.wav; sourceTree = "<group>"; };
		F4B563681AB3A5CF0094B2A7 /* door.wav */ = {isa = PBXFileReference; lastKnownFileType = audio.wav; path = door.wav; sourceTree = "<group>"; };
		F4B8348F1A9BB95200A839E5 /* Enemy.swift */ = {isa = PBXFileReference; fileEncoding = 4; lastKnownFileType = sourcecode.swift; path = Enemy.swift; sourceTree = "<group>"; };
		F4CA5DE21AB55D92006DB177 /* TextureLoader.swift */ = {isa = PBXFileReference; fileEncoding = 4; lastKnownFileType = sourcecode.swift; name = TextureLoader.swift; path = GameSceneClasses/TextureLoader.swift; sourceTree = "<group>"; };
		F4D33B531A71EF7300DCD868 /* 460Demo.app */ = {isa = PBXFileReference; explicitFileType = wrapper.application; includeInIndex = 0; path = 460Demo.app; sourceTree = BUILT_PRODUCTS_DIR; };
		F4D33B571A71EF7300DCD868 /* Info.plist */ = {isa = PBXFileReference; lastKnownFileType = text.plist.xml; path = Info.plist; sourceTree = "<group>"; };
		F4D33B581A71EF7300DCD868 /* AppDelegate.swift */ = {isa = PBXFileReference; lastKnownFileType = sourcecode.swift; path = AppDelegate.swift; sourceTree = "<group>"; };
		F4D33B5E1A71EF7300DCD868 /* GameViewController.swift */ = {isa = PBXFileReference; lastKnownFileType = sourcecode.swift; path = GameViewController.swift; sourceTree = "<group>"; };
		F4D33B611A71EF7300DCD868 /* Base */ = {isa = PBXFileReference; lastKnownFileType = file.storyboard; name = Base; path = Base.lproj/Main.storyboard; sourceTree = "<group>"; };
		F4D33B631A71EF7300DCD868 /* Images.xcassets */ = {isa = PBXFileReference; lastKnownFileType = folder.assetcatalog; path = Images.xcassets; sourceTree = "<group>"; };
		F4D33B661A71EF7300DCD868 /* Base */ = {isa = PBXFileReference; lastKnownFileType = file.xib; name = Base; path = Base.lproj/LaunchScreen.xib; sourceTree = "<group>"; };
		F4D33B6C1A71EF7300DCD868 /* 460DemoTests.xctest */ = {isa = PBXFileReference; explicitFileType = wrapper.cfbundle; includeInIndex = 0; path = 460DemoTests.xctest; sourceTree = BUILT_PRODUCTS_DIR; };
		F4D33B711A71EF7300DCD868 /* Info.plist */ = {isa = PBXFileReference; lastKnownFileType = text.plist.xml; path = Info.plist; sourceTree = "<group>"; };
		F4D33B721A71EF7300DCD868 /* _60DemoTests.swift */ = {isa = PBXFileReference; lastKnownFileType = sourcecode.swift; path = _60DemoTests.swift; sourceTree = "<group>"; };
		F4DC7F271ABA0BDE00E98AD6 /* Attribute.swift */ = {isa = PBXFileReference; fileEncoding = 4; lastKnownFileType = sourcecode.swift; path = Attribute.swift; sourceTree = "<group>"; };
		F4DC7F291ABB5BDB00E98AD6 /* LevelTwo.swift */ = {isa = PBXFileReference; fileEncoding = 4; lastKnownFileType = sourcecode.swift; path = LevelTwo.swift; sourceTree = "<group>"; };
		F4DC7F2B1ABB5C0E00E98AD6 /* LevelThree.swift */ = {isa = PBXFileReference; fileEncoding = 4; lastKnownFileType = sourcecode.swift; path = LevelThree.swift; sourceTree = "<group>"; };
		F4DC7F2E1ABB5EAD00E98AD6 /* EnemyBoss.swift */ = {isa = PBXFileReference; fileEncoding = 4; lastKnownFileType = sourcecode.swift; path = EnemyBoss.swift; sourceTree = "<group>"; };
		F4DC7F301ABC3DAF00E98AD6 /* NewMage-ability.atlas */ = {isa = PBXFileReference; lastKnownFileType = folder.skatlas; path = "NewMage-ability.atlas"; sourceTree = "<group>"; };
		F4DC7F311ABC3DAF00E98AD6 /* NewMage-attack.atlas */ = {isa = PBXFileReference; lastKnownFileType = folder.skatlas; path = "NewMage-attack.atlas"; sourceTree = "<group>"; };
		F4DC7F321ABC3DAF00E98AD6 /* NewMage-death.atlas */ = {isa = PBXFileReference; lastKnownFileType = folder.skatlas; path = "NewMage-death.atlas"; sourceTree = "<group>"; };
		F4DC7F331ABC3DAF00E98AD6 /* NewMage-stand.atlas */ = {isa = PBXFileReference; lastKnownFileType = folder.skatlas; path = "NewMage-stand.atlas"; sourceTree = "<group>"; };
		F4DC7F341ABC3DAF00E98AD6 /* NewMage-stumble.atlas */ = {isa = PBXFileReference; lastKnownFileType = folder.skatlas; path = "NewMage-stumble.atlas"; sourceTree = "<group>"; };
		F4DC7F351ABC3DAF00E98AD6 /* NewMage-walk.atlas */ = {isa = PBXFileReference; lastKnownFileType = folder.skatlas; path = "NewMage-walk.atlas"; sourceTree = "<group>"; };
		F4DD1DCE1AB54F30006B200A /* ButtonAreaHeal.swift */ = {isa = PBXFileReference; fileEncoding = 4; lastKnownFileType = sourcecode.swift; path = ButtonAreaHeal.swift; sourceTree = "<group>"; };
		F4E896411AA128E000406784 /* Game.swift */ = {isa = PBXFileReference; fileEncoding = 4; lastKnownFileType = sourcecode.swift; path = Game.swift; sourceTree = "<group>"; };
/* End PBXFileReference section */

/* Begin PBXFrameworksBuildPhase section */
		F4D33B501A71EF7300DCD868 /* Frameworks */ = {
			isa = PBXFrameworksBuildPhase;
			buildActionMask = 2147483647;
			files = (
				68B7DBFD1A84C316003D9398 /* AppWarp_iOS_SDK.framework in Frameworks */,
			);
			runOnlyForDeploymentPostprocessing = 0;
		};
		F4D33B691A71EF7300DCD868 /* Frameworks */ = {
			isa = PBXFrameworksBuildPhase;
			buildActionMask = 2147483647;
			files = (
			);
			runOnlyForDeploymentPostprocessing = 0;
		};
/* End PBXFrameworksBuildPhase section */

/* Begin PBXGroup section */
		68A18D3F1AA8719E001CCE1D /* iosNtp */ = {
			isa = PBXGroup;
			children = (
				68A18D401AA8719E001CCE1D /* ios-ntp-lib */,
				68A18D4A1AA8719E001CCE1D /* network-udp */,
				68A18D4D1AA8719E001CCE1D /* ntp.hosts */,
			);
			path = iosNtp;
			sourceTree = "<group>";
		};
		68A18D401AA8719E001CCE1D /* ios-ntp-lib */ = {
			isa = PBXGroup;
			children = (
				68A18D411AA8719E001CCE1D /* ios-ntp.h */,
				68A18D421AA8719E001CCE1D /* ios-ntp.pch */,
				68A18D431AA8719E001CCE1D /* NetAssociation.h */,
				68A18D441AA8719E001CCE1D /* NetAssociation.m */,
				68A18D451AA8719E001CCE1D /* NetworkClock.h */,
				68A18D461AA8719E001CCE1D /* NetworkClock.m */,
				68A18D471AA8719E001CCE1D /* Notes */,
				68A18D481AA8719E001CCE1D /* NSDate+NetworkClock.h */,
				68A18D491AA8719E001CCE1D /* NSDate+NetworkClock.m */,
			);
			path = "ios-ntp-lib";
			sourceTree = "<group>";
		};
		68A18D4A1AA8719E001CCE1D /* network-udp */ = {
			isa = PBXGroup;
			children = (
				68A18D4B1AA8719E001CCE1D /* GCDAsyncUdpSocket.h */,
				68A18D4C1AA8719E001CCE1D /* GCDAsyncUdpSocket.m */,
			);
			path = "network-udp";
			sourceTree = "<group>";
		};
		68B7DBEE1A84C306003D9398 /* AppWarpHelperClasses */ = {
			isa = PBXGroup;
			children = (
				68B7DBFC1A84C316003D9398 /* AppWarp_iOS_SDK.framework */,
				68B7DBF11A84C306003D9398 /* AppWarpHelper.swift */,
				68B7DBF21A84C306003D9398 /* ConnectionListener.swift */,
				68B7DBF31A84C306003D9398 /* NotificationListener.swift */,
				68B7DBF41A84C306003D9398 /* RoomListener.swift */,
				68B7DBF51A84C306003D9398 /* ZoneListener.swift */,
			);
			path = AppWarpHelperClasses;
			sourceTree = "<group>";
		};
		68C08F6C1ABA198700AEEF3E /* NetworkManager */ = {
			isa = PBXGroup;
			children = (
				68C08F6D1ABA198700AEEF3E /* NetworkManager.swift */,
			);
			path = NetworkManager;
			sourceTree = "<group>";
		};
		68DADF4C1AB5738800A20800 /* Orders */ = {
			isa = PBXGroup;
			children = (
				68DADF4D1AB5738800A20800 /* Abilities */,
				68DADF521AB5738800A20800 /* Attack.swift */,
				68DADF531AB5738800A20800 /* Idle.swift */,
				68DADF541AB5738800A20800 /* Move.swift */,
				68DADF551AB5738800A20800 /* NoneOrder.swift */,
				68DADF561AB5738800A20800 /* Order.swift */,
				68DADF571AB5738800A20800 /* RoamAttack.swift */,
				68DADF581AB5738800A20800 /* Transient.swift */,
			);
			path = Orders;
			sourceTree = "<group>";
		};
		68DADF4D1AB5738800A20800 /* Abilities */ = {
			isa = PBXGroup;
			children = (
				682944DE1AB5787000680A36 /* Heal.swift */,
				68DADF4E1AB5738800A20800 /* AreaHeal.swift */,
				68DADF4F1AB5738800A20800 /* Enrage.swift */,
				68DADF511AB5738800A20800 /* Taunt.swift */,
				682944E01AB578A200680A36 /* Shrink.swift */,
			);
			path = Abilities;
			sourceTree = "<group>";
		};
		68F35CA81A84C4D5004905BF /* GameSceneClasses */ = {
			isa = PBXGroup;
			children = (
				68F35CA91A84C4D5004905BF /* GameScene.sks */,
				F42FD5AE1A895D4F002C6624 /* Background1.png */,
				68F35CAA1A84C4D5004905BF /* GameScene.swift */,
				F4E896411AA128E000406784 /* Game.swift */,
				E75F4FB81AB0DA0F00C3D76E /* LevelOne.swift */,
				F4DC7F291ABB5BDB00E98AD6 /* LevelTwo.swift */,
				F4DC7F2B1ABB5C0E00E98AD6 /* LevelThree.swift */,
				E75F4FBA1AB0DE1B00C3D76E /* Level.swift */,
			);
			path = GameSceneClasses;
			sourceTree = "<group>";
		};
		68F35CAD1A84C540004905BF /* GameCoreClasses */ = {
			isa = PBXGroup;
			children = (
				68DADF4C1AB5738800A20800 /* Orders */,
				F42FD5AC1A880282002C6624 /* SerializableJSON.swift */,
				F4B5047B1A90175B007CDBA8 /* PType.swift */,
				F4B562E81AB0D8180094B2A7 /* Abilities */,
				F4B5047E1A907A2A007CDBA8 /* Units */,
				68038FE01AA56B8C0053A963 /* Timer.swift */,
				68F35CB11A84C540004905BF /* Projectile.swift */,
			);
			path = GameCoreClasses;
			sourceTree = "<group>";
		};
		F402F68D1AB51AC200A930C2 /* Enemy Mage */ = {
			isa = PBXGroup;
			children = (
				F402F68E1AB51AF300A930C2 /* EnemyMage.swift */,
			);
			name = "Enemy Mage";
			sourceTree = "<group>";
		};
		F4B5047A1A900D98007CDBA8 /* Target Dummy */ = {
			isa = PBXGroup;
			children = (
				F4B504811A9234B9007CDBA8 /* TargetDummy.swift */,
			);
			name = "Target Dummy";
			sourceTree = "<group>";
		};
		F4B5047E1A907A2A007CDBA8 /* Units */ = {
			isa = PBXGroup;
			children = (
				68F35CB21A84C540004905BF /* Unit.swift */,
				F4DC7F2D1ABB5E8900E98AD6 /* Enemy Boss */,
				F402F68D1AB51AC200A930C2 /* Enemy Mage */,
				F4B562F61AB2880A0094B2A7 /* Enemy */,
				F4B562F51AB287FB0094B2A7 /* Mage */,
				F4BC9DC81A900C9A00F3B617 /* Warrior */,
				F4B5047A1A900D98007CDBA8 /* Target Dummy */,
				F4DC7F271ABA0BDE00E98AD6 /* Attribute.swift */,
			);
			name = Units;
			sourceTree = "<group>";
		};
		F4B562E81AB0D8180094B2A7 /* Abilities */ = {
			isa = PBXGroup;
			children = (
				F4B562EB1AB0D8C20094B2A7 /* Ability.swift */,
				F4B562E91AB0D82E0094B2A7 /* ButtonHeal.swift */,
				F4DD1DCE1AB54F30006B200A /* ButtonAreaHeal.swift */,
				F42A960E1AB56CD300E07C67 /* ButtonShrink.swift */,
				F4B562F71AB38A9A0094B2A7 /* ButtonEnrage.swift */,
				68DADF481AB56FE800A20800 /* ButtonTaunt.swift */,
			);
			name = Abilities;
			sourceTree = "<group>";
		};
		F4B562F51AB287FB0094B2A7 /* Mage */ = {
			isa = PBXGroup;
			children = (
				F4DC7F301ABC3DAF00E98AD6 /* NewMage-ability.atlas */,
				F4DC7F311ABC3DAF00E98AD6 /* NewMage-attack.atlas */,
				F4DC7F321ABC3DAF00E98AD6 /* NewMage-death.atlas */,
				F4DC7F331ABC3DAF00E98AD6 /* NewMage-stand.atlas */,
				F4DC7F341ABC3DAF00E98AD6 /* NewMage-stumble.atlas */,
				F4DC7F351ABC3DAF00E98AD6 /* NewMage-walk.atlas */,
				E7E5E27A1AB6364B00554839 /* Mage-walk.atlas */,
				E7E5E27B1AB6364B00554839 /* Mage-stumble.atlas */,
				E7E5E27C1AB6364B00554839 /* Mage-death.atlas */,
				E7E5E27D1AB6364B00554839 /* Mage-attack.atlas */,
				E7E5E2781AB6345E00554839 /* Mage-ability.atlas */,
				F4B562F31AB287F40094B2A7 /* Mage.swift */,
			);
			name = Mage;
			sourceTree = "<group>";
		};
		F4B562F61AB2880A0094B2A7 /* Enemy */ = {
			isa = PBXGroup;
			children = (
				F4B8348F1A9BB95200A839E5 /* Enemy.swift */,
			);
			name = Enemy;
			sourceTree = "<group>";
		};
		F4B562FB1AB3A5AC0094B2A7 /* Sounds */ = {
			isa = PBXGroup;
			children = (
				F4B562FC1AB3A5CE0094B2A7 /* battle */,
				F4B563071AB3A5CE0094B2A7 /* interface */,
				F4B5630E1AB3A5CE0094B2A7 /* inventory */,
				F4B563211AB3A5CF0094B2A7 /* misc */,
				F4B563291AB3A5CF0094B2A7 /* NPC */,
				F4B563671AB3A5CF0094B2A7 /* world */,
			);
			name = Sounds;
			sourceTree = "<group>";
		};
		F4B562FC1AB3A5CE0094B2A7 /* battle */ = {
			isa = PBXGroup;
			children = (
				F4B562FD1AB3A5CE0094B2A7 /* magic1.wav */,
				F4B562FE1AB3A5CE0094B2A7 /* spell.wav */,
				F4B562FF1AB3A5CE0094B2A7 /* swing.wav */,
				F4B563001AB3A5CE0094B2A7 /* swing2.wav */,
				F4B563011AB3A5CE0094B2A7 /* swing3.wav */,
				F4B563021AB3A5CE0094B2A7 /* sword-unsheathe.wav */,
				F4B563031AB3A5CE0094B2A7 /* sword-unsheathe2.wav */,
				F4B563041AB3A5CE0094B2A7 /* sword-unsheathe3.wav */,
				F4B563051AB3A5CE0094B2A7 /* sword-unsheathe4.wav */,
				F4B563061AB3A5CE0094B2A7 /* sword-unsheathe5.wav */,
			);
			path = battle;
			sourceTree = "<group>";
		};
		F4B563071AB3A5CE0094B2A7 /* interface */ = {
			isa = PBXGroup;
			children = (
				F4B563081AB3A5CE0094B2A7 /* interface1.wav */,
				F4B563091AB3A5CE0094B2A7 /* interface2.wav */,
				F4B5630A1AB3A5CE0094B2A7 /* interface3.wav */,
				F4B5630B1AB3A5CE0094B2A7 /* interface4.wav */,
				F4B5630C1AB3A5CE0094B2A7 /* interface5.wav */,
				F4B5630D1AB3A5CE0094B2A7 /* interface6.wav */,
			);
			path = interface;
			sourceTree = "<group>";
		};
		F4B5630E1AB3A5CE0094B2A7 /* inventory */ = {
			isa = PBXGroup;
			children = (
				F4B5630F1AB3A5CE0094B2A7 /* armor-light.wav */,
				F4B563101AB3A5CE0094B2A7 /* beads.wav */,
				F4B563111AB3A5CE0094B2A7 /* bottle.wav */,
				F4B563121AB3A5CE0094B2A7 /* bubble.wav */,
				F4B563131AB3A5CE0094B2A7 /* bubble2.wav */,
				F4B563141AB3A5CE0094B2A7 /* bubble3.wav */,
				F4B563151AB3A5CE0094B2A7 /* chainmail1.wav */,
				F4B563161AB3A5CE0094B2A7 /* chainmail2.wav */,
				F4B563171AB3A5CE0094B2A7 /* cloth-heavy.wav */,
				F4B563181AB3A5CE0094B2A7 /* cloth.wav */,
				F4B563191AB3A5CE0094B2A7 /* coin.wav */,
				F4B5631A1AB3A5CE0094B2A7 /* coin2.wav */,
				F4B5631B1AB3A5CE0094B2A7 /* coin3.wav */,
				F4B5631C1AB3A5CE0094B2A7 /* metal-ringing.wav */,
				F4B5631D1AB3A5CE0094B2A7 /* metal-small1.wav */,
				F4B5631E1AB3A5CE0094B2A7 /* metal-small2.wav */,
				F4B5631F1AB3A5CF0094B2A7 /* metal-small3.wav */,
				F4B563201AB3A5CF0094B2A7 /* wood-small.wav */,
			);
			path = inventory;
			sourceTree = "<group>";
		};
		F4B563211AB3A5CF0094B2A7 /* misc */ = {
			isa = PBXGroup;
			children = (
				F4B563221AB3A5CF0094B2A7 /* burp.wav */,
				F4B563231AB3A5CF0094B2A7 /* random1.wav */,
				F4B563241AB3A5CF0094B2A7 /* random2.wav */,
				F4B563251AB3A5CF0094B2A7 /* random3.wav */,
				F4B563261AB3A5CF0094B2A7 /* random4.wav */,
				F4B563271AB3A5CF0094B2A7 /* random5.wav */,
				F4B563281AB3A5CF0094B2A7 /* random6.wav */,
			);
			path = misc;
			sourceTree = "<group>";
		};
		F4B563291AB3A5CF0094B2A7 /* NPC */ = {
			isa = PBXGroup;
			children = (
				F4B5632A1AB3A5CF0094B2A7 /* beetle */,
				F4B5632E1AB3A5CF0094B2A7 /* giant */,
				F4B563341AB3A5CF0094B2A7 /* gutteral beast */,
				F4B563441AB3A5CF0094B2A7 /* misc */,
				F4B563461AB3A5CF0094B2A7 /* ogre */,
				F4B5634C1AB3A5CF0094B2A7 /* shade */,
				F4B5635C1AB3A5CF0094B2A7 /* slime */,
			);
			path = NPC;
			sourceTree = "<group>";
		};
		F4B5632A1AB3A5CF0094B2A7 /* beetle */ = {
			isa = PBXGroup;
			children = (
				F4B5632B1AB3A5CF0094B2A7 /* bite-small.wav */,
				F4B5632C1AB3A5CF0094B2A7 /* bite-small2.wav */,
				F4B5632D1AB3A5CF0094B2A7 /* bite-small3.wav */,
			);
			path = beetle;
			sourceTree = "<group>";
		};
		F4B5632E1AB3A5CF0094B2A7 /* giant */ = {
			isa = PBXGroup;
			children = (
				F4B5632F1AB3A5CF0094B2A7 /* giant1.wav */,
				F4B563301AB3A5CF0094B2A7 /* giant2.wav */,
				F4B563311AB3A5CF0094B2A7 /* giant3.wav */,
				F4B563321AB3A5CF0094B2A7 /* giant4.wav */,
				F4B563331AB3A5CF0094B2A7 /* giant5.wav */,
			);
			path = giant;
			sourceTree = "<group>";
		};
		F4B563341AB3A5CF0094B2A7 /* gutteral beast */ = {
			isa = PBXGroup;
			children = (
				F4B563351AB3A5CF0094B2A7 /* mnstr1.wav */,
				F4B563361AB3A5CF0094B2A7 /* mnstr10.wav */,
				F4B563371AB3A5CF0094B2A7 /* mnstr11.wav */,
				F4B563381AB3A5CF0094B2A7 /* mnstr12.wav */,
				F4B563391AB3A5CF0094B2A7 /* mnstr13.wav */,
				F4B5633A1AB3A5CF0094B2A7 /* mnstr14.wav */,
				F4B5633B1AB3A5CF0094B2A7 /* mnstr15.wav */,
				F4B5633C1AB3A5CF0094B2A7 /* mnstr2.wav */,
				F4B5633D1AB3A5CF0094B2A7 /* mnstr3.wav */,
				F4B5633E1AB3A5CF0094B2A7 /* mnstr4.wav */,
				F4B5633F1AB3A5CF0094B2A7 /* mnstr5.wav */,
				F4B563401AB3A5CF0094B2A7 /* mnstr6.wav */,
				F4B563411AB3A5CF0094B2A7 /* mnstr7.wav */,
				F4B563421AB3A5CF0094B2A7 /* mnstr8.wav */,
				F4B563431AB3A5CF0094B2A7 /* mnstr9.wav */,
			);
			path = "gutteral beast";
			sourceTree = "<group>";
		};
		F4B563441AB3A5CF0094B2A7 /* misc */ = {
			isa = PBXGroup;
			children = (
				F4B563451AB3A5CF0094B2A7 /* wolfman.wav */,
			);
			path = misc;
			sourceTree = "<group>";
		};
		F4B563461AB3A5CF0094B2A7 /* ogre */ = {
			isa = PBXGroup;
			children = (
				F4B563471AB3A5CF0094B2A7 /* ogre1.wav */,
				F4B563481AB3A5CF0094B2A7 /* ogre2.wav */,
				F4B563491AB3A5CF0094B2A7 /* ogre3.wav */,
				F4B5634A1AB3A5CF0094B2A7 /* ogre4.wav */,
				F4B5634B1AB3A5CF0094B2A7 /* ogre5.wav */,
			);
			path = ogre;
			sourceTree = "<group>";
		};
		F4B5634C1AB3A5CF0094B2A7 /* shade */ = {
			isa = PBXGroup;
			children = (
				F4B5634D1AB3A5CF0094B2A7 /* shade1.wav */,
				F4B5634E1AB3A5CF0094B2A7 /* shade10.wav */,
				F4B5634F1AB3A5CF0094B2A7 /* shade11.wav */,
				F4B563501AB3A5CF0094B2A7 /* shade12.wav */,
				F4B563511AB3A5CF0094B2A7 /* shade13.wav */,
				F4B563521AB3A5CF0094B2A7 /* shade14.wav */,
				F4B563531AB3A5CF0094B2A7 /* shade15.wav */,
				F4B563541AB3A5CF0094B2A7 /* shade2.wav */,
				F4B563551AB3A5CF0094B2A7 /* shade3.wav */,
				F4B563561AB3A5CF0094B2A7 /* shade4.wav */,
				F4B563571AB3A5CF0094B2A7 /* shade5.wav */,
				F4B563581AB3A5CF0094B2A7 /* shade6.wav */,
				F4B563591AB3A5CF0094B2A7 /* shade7.wav */,
				F4B5635A1AB3A5CF0094B2A7 /* shade8.wav */,
				F4B5635B1AB3A5CF0094B2A7 /* shade9.wav */,
			);
			path = shade;
			sourceTree = "<group>";
		};
		F4B5635C1AB3A5CF0094B2A7 /* slime */ = {
			isa = PBXGroup;
			children = (
				F4B5635D1AB3A5CF0094B2A7 /* slime1.wav */,
				F4B5635E1AB3A5CF0094B2A7 /* slime10.wav */,
				F4B5635F1AB3A5CF0094B2A7 /* slime2.wav */,
				F4B563601AB3A5CF0094B2A7 /* slime3.wav */,
				F4B563611AB3A5CF0094B2A7 /* slime4.wav */,
				F4B563621AB3A5CF0094B2A7 /* slime5.wav */,
				F4B563631AB3A5CF0094B2A7 /* slime6.wav */,
				F4B563641AB3A5CF0094B2A7 /* slime7.wav */,
				F4B563651AB3A5CF0094B2A7 /* slime8.wav */,
				F4B563661AB3A5CF0094B2A7 /* slime9.wav */,
			);
			path = slime;
			sourceTree = "<group>";
		};
		F4B563671AB3A5CF0094B2A7 /* world */ = {
			isa = PBXGroup;
			children = (
				F4B563681AB3A5CF0094B2A7 /* door.wav */,
			);
			path = world;
			sourceTree = "<group>";
		};
		F4BC9DC81A900C9A00F3B617 /* Warrior */ = {
			isa = PBXGroup;
			children = (
				E72E67301AB630300082E7B4 /* Warrior-ability.atlas */,
				E72E67311AB630300082E7B4 /* Warrior-death.atlas */,
				E72E672E1AB629CB0082E7B4 /* Warrior-stumble.atlas */,
				E72E672C1AB626B20082E7B4 /* Warrior-attack.atlas */,
				E72E672A1AB624DC0082E7B4 /* Warrior-walk.atlas */,
				68F35CB31A84C540004905BF /* Warrior.swift */,
			);
			name = Warrior;
			sourceTree = "<group>";
		};
		F4D33B4A1A71EF7300DCD868 = {
			isa = PBXGroup;
			children = (
				F4D33B551A71EF7300DCD868 /* 460Demo */,
				F4D33B6F1A71EF7300DCD868 /* 460DemoTests */,
				F4D33B541A71EF7300DCD868 /* Products */,
			);
			sourceTree = "<group>";
		};
		F4D33B541A71EF7300DCD868 /* Products */ = {
			isa = PBXGroup;
			children = (
				F4D33B531A71EF7300DCD868 /* 460Demo.app */,
				F4D33B6C1A71EF7300DCD868 /* 460DemoTests.xctest */,
			);
			name = Products;
			sourceTree = "<group>";
		};
		F4D33B551A71EF7300DCD868 /* 460Demo */ = {
			isa = PBXGroup;
			children = (
				68C08F6C1ABA198700AEEF3E /* NetworkManager */,
				68A18D551AA8732F001CCE1D /* 460Demo-Bridging-Header.h */,
				68A18D3F1AA8719E001CCE1D /* iosNtp */,
				68B7DBEE1A84C306003D9398 /* AppWarpHelperClasses */,
				68F35CAD1A84C540004905BF /* GameCoreClasses */,
				68F35CA81A84C4D5004905BF /* GameSceneClasses */,
				F4D33B581A71EF7300DCD868 /* AppDelegate.swift */,
				F4D33B5E1A71EF7300DCD868 /* GameViewController.swift */,
				6850A0851A91606100B8CAD4 /* SplashViewController.swift */,
				F4D33B601A71EF7300DCD868 /* Main.storyboard */,
				6850A0871A91632F00B8CAD4 /* LobbyViewController.swift */,
				F4CA5DE21AB55D92006DB177 /* TextureLoader.swift */,
				F4D33B631A71EF7300DCD868 /* Images.xcassets */,
				E7E2DDBB1ABA0E1E003C9812 /* VIDA_10.png */,
				F4D33B651A71EF7300DCD868 /* LaunchScreen.xib */,
				F4B562FB1AB3A5AC0094B2A7 /* Sounds */,
				F4D33B561A71EF7300DCD868 /* Supporting Files */,
			);
			path = 460Demo;
			sourceTree = "<group>";
		};
		F4D33B561A71EF7300DCD868 /* Supporting Files */ = {
			isa = PBXGroup;
			children = (
				F4D33B571A71EF7300DCD868 /* Info.plist */,
			);
			name = "Supporting Files";
			sourceTree = "<group>";
		};
		F4D33B6F1A71EF7300DCD868 /* 460DemoTests */ = {
			isa = PBXGroup;
			children = (
				F4D33B721A71EF7300DCD868 /* _60DemoTests.swift */,
				F4D33B701A71EF7300DCD868 /* Supporting Files */,
			);
			path = 460DemoTests;
			sourceTree = "<group>";
		};
		F4D33B701A71EF7300DCD868 /* Supporting Files */ = {
			isa = PBXGroup;
			children = (
				F4D33B711A71EF7300DCD868 /* Info.plist */,
			);
			name = "Supporting Files";
			sourceTree = "<group>";
		};
		F4DC7F2D1ABB5E8900E98AD6 /* Enemy Boss */ = {
			isa = PBXGroup;
			children = (
				F4DC7F2E1ABB5EAD00E98AD6 /* EnemyBoss.swift */,
			);
			name = "Enemy Boss";
			sourceTree = "<group>";
		};
/* End PBXGroup section */

/* Begin PBXNativeTarget section */
		F4D33B521A71EF7300DCD868 /* 460Demo */ = {
			isa = PBXNativeTarget;
			buildConfigurationList = F4D33B761A71EF7300DCD868 /* Build configuration list for PBXNativeTarget "460Demo" */;
			buildPhases = (
				F4D33B4F1A71EF7300DCD868 /* Sources */,
				F4D33B501A71EF7300DCD868 /* Frameworks */,
				F4D33B511A71EF7300DCD868 /* Resources */,
			);
			buildRules = (
			);
			dependencies = (
			);
			name = 460Demo;
			productName = 460Demo;
			productReference = F4D33B531A71EF7300DCD868 /* 460Demo.app */;
			productType = "com.apple.product-type.application";
		};
		F4D33B6B1A71EF7300DCD868 /* 460DemoTests */ = {
			isa = PBXNativeTarget;
			buildConfigurationList = F4D33B791A71EF7300DCD868 /* Build configuration list for PBXNativeTarget "460DemoTests" */;
			buildPhases = (
				F4D33B681A71EF7300DCD868 /* Sources */,
				F4D33B691A71EF7300DCD868 /* Frameworks */,
				F4D33B6A1A71EF7300DCD868 /* Resources */,
			);
			buildRules = (
			);
			dependencies = (
				F4D33B6E1A71EF7300DCD868 /* PBXTargetDependency */,
			);
			name = 460DemoTests;
			productName = 460DemoTests;
			productReference = F4D33B6C1A71EF7300DCD868 /* 460DemoTests.xctest */;
			productType = "com.apple.product-type.bundle.unit-test";
		};
/* End PBXNativeTarget section */

/* Begin PBXProject section */
		F4D33B4B1A71EF7300DCD868 /* Project object */ = {
			isa = PBXProject;
			attributes = {
				LastUpgradeCheck = 0610;
				ORGANIZATIONNAME = "Austin Hudelson";
				TargetAttributes = {
					F4D33B521A71EF7300DCD868 = {
						CreatedOnToolsVersion = 6.1.1;
						DevelopmentTeam = SS9TK42WF8;
					};
					F4D33B6B1A71EF7300DCD868 = {
						CreatedOnToolsVersion = 6.1.1;
						TestTargetID = F4D33B521A71EF7300DCD868;
					};
				};
			};
			buildConfigurationList = F4D33B4E1A71EF7300DCD868 /* Build configuration list for PBXProject "460Demo" */;
			compatibilityVersion = "Xcode 3.2";
			developmentRegion = English;
			hasScannedForEncodings = 0;
			knownRegions = (
				en,
				Base,
			);
			mainGroup = F4D33B4A1A71EF7300DCD868;
			productRefGroup = F4D33B541A71EF7300DCD868 /* Products */;
			projectDirPath = "";
			projectRoot = "";
			targets = (
				F4D33B521A71EF7300DCD868 /* 460Demo */,
				F4D33B6B1A71EF7300DCD868 /* 460DemoTests */,
			);
		};
/* End PBXProject section */

/* Begin PBXResourcesBuildPhase section */
		F4D33B511A71EF7300DCD868 /* Resources */ = {
			isa = PBXResourcesBuildPhase;
			buildActionMask = 2147483647;
			files = (
				F4B563C81AB3A5CF0094B2A7 /* door.wav in Resources */,
				F4B563B31AB3A5CF0094B2A7 /* shade13.wav in Resources */,
				F4B563A81AB3A5CF0094B2A7 /* mnstr9.wav in Resources */,
				F4B5638A1AB3A5CF0094B2A7 /* wood-small.wav in Resources */,
				F4B563771AB3A5CF0094B2A7 /* interface5.wav in Resources */,
				F4DC7F3B1ABC3DAF00E98AD6 /* NewMage-walk.atlas in Resources */,
				F4B563A71AB3A5CF0094B2A7 /* mnstr8.wav in Resources */,
				F4B563C01AB3A5CF0094B2A7 /* slime2.wav in Resources */,
				F4DC7F381ABC3DAF00E98AD6 /* NewMage-death.atlas in Resources */,
				E72E67331AB630300082E7B4 /* Warrior-death.atlas in Resources */,
				F4B563991AB3A5CF0094B2A7 /* giant5.wav in Resources */,
				F4B563941AB3A5CF0094B2A7 /* bite-small3.wav in Resources */,
				F4B5637F1AB3A5CF0094B2A7 /* chainmail1.wav in Resources */,
				F4B563B21AB3A5CF0094B2A7 /* shade12.wav in Resources */,
				F4B563761AB3A5CF0094B2A7 /* interface4.wav in Resources */,
				F4B563911AB3A5CF0094B2A7 /* random6.wav in Resources */,
				F4B563731AB3A5CF0094B2A7 /* interface1.wav in Resources */,
				E7E5E2811AB6364B00554839 /* Mage-attack.atlas in Resources */,
				F4B563B11AB3A5CF0094B2A7 /* shade11.wav in Resources */,
				E7E5E2801AB6364B00554839 /* Mage-death.atlas in Resources */,
				E72E672F1AB629CB0082E7B4 /* Warrior-stumble.atlas in Resources */,
				F4B5636D1AB3A5CF0094B2A7 /* swing3.wav in Resources */,
				F4B5637C1AB3A5CF0094B2A7 /* bubble.wav in Resources */,
				F4B563BD1AB3A5CF0094B2A7 /* shade9.wav in Resources */,
				F4B563A91AB3A5CF0094B2A7 /* wolfman.wav in Resources */,
				F4B563741AB3A5CF0094B2A7 /* interface2.wav in Resources */,
				F4B563C41AB3A5CF0094B2A7 /* slime6.wav in Resources */,
				F4B563861AB3A5CF0094B2A7 /* metal-ringing.wav in Resources */,
				F4B563AB1AB3A5CF0094B2A7 /* ogre2.wav in Resources */,
				F4B563821AB3A5CF0094B2A7 /* cloth.wav in Resources */,
				F4DC7F371ABC3DAF00E98AD6 /* NewMage-attack.atlas in Resources */,
				F4B563C11AB3A5CF0094B2A7 /* slime3.wav in Resources */,
				F4B563701AB3A5CF0094B2A7 /* sword-unsheathe3.wav in Resources */,
				F4DC7F3A1ABC3DAF00E98AD6 /* NewMage-stumble.atlas in Resources */,
				F4B5638F1AB3A5CF0094B2A7 /* random4.wav in Resources */,
				F4B5637E1AB3A5CF0094B2A7 /* bubble3.wav in Resources */,
				E7E2DDBC1ABA0E1E003C9812 /* VIDA_10.png in Resources */,
				F4B5636B1AB3A5CF0094B2A7 /* swing.wav in Resources */,
				F4B563A51AB3A5CF0094B2A7 /* mnstr6.wav in Resources */,
				E72E67321AB630300082E7B4 /* Warrior-ability.atlas in Resources */,
				F4B5636F1AB3A5CF0094B2A7 /* sword-unsheathe2.wav in Resources */,
				F4B5639E1AB3A5CF0094B2A7 /* mnstr13.wav in Resources */,
				F4B563A11AB3A5CF0094B2A7 /* mnstr2.wav in Resources */,
				F4B563B41AB3A5CF0094B2A7 /* shade14.wav in Resources */,
				F4B5637A1AB3A5CF0094B2A7 /* beads.wav in Resources */,
				F4B563B01AB3A5CF0094B2A7 /* shade10.wav in Resources */,
				F4B563C61AB3A5CF0094B2A7 /* slime8.wav in Resources */,
				F4B563801AB3A5CF0094B2A7 /* chainmail2.wav in Resources */,
				F4B563B81AB3A5CF0094B2A7 /* shade4.wav in Resources */,
				F4B563BB1AB3A5CF0094B2A7 /* shade7.wav in Resources */,
				F4B5637D1AB3A5CF0094B2A7 /* bubble2.wav in Resources */,
				F4B5638D1AB3A5CF0094B2A7 /* random2.wav in Resources */,
				F4B563C21AB3A5CF0094B2A7 /* slime4.wav in Resources */,
				E7E5E2791AB6345E00554839 /* Mage-ability.atlas in Resources */,
				68A18D531AA8719E001CCE1D /* ntp.hosts in Resources */,
				F4B563A61AB3A5CF0094B2A7 /* mnstr7.wav in Resources */,
				F4B563781AB3A5CF0094B2A7 /* interface6.wav in Resources */,
				F4B563B51AB3A5CF0094B2A7 /* shade15.wav in Resources */,
				F4B563751AB3A5CF0094B2A7 /* interface3.wav in Resources */,
				F4B5638B1AB3A5CF0094B2A7 /* burp.wav in Resources */,
				F4B563981AB3A5CF0094B2A7 /* giant4.wav in Resources */,
				F4B563C51AB3A5CF0094B2A7 /* slime7.wav in Resources */,
				F4B5636C1AB3A5CF0094B2A7 /* swing2.wav in Resources */,
				F4B5636A1AB3A5CF0094B2A7 /* spell.wav in Resources */,
				F4B563931AB3A5CF0094B2A7 /* bite-small2.wav in Resources */,
				F4B5639F1AB3A5CF0094B2A7 /* mnstr14.wav in Resources */,
				E72E672B1AB624DC0082E7B4 /* Warrior-walk.atlas in Resources */,
				F4B5638C1AB3A5CF0094B2A7 /* random1.wav in Resources */,
				68F35CAB1A84C4D5004905BF /* GameScene.sks in Resources */,
				F4B563881AB3A5CF0094B2A7 /* metal-small2.wav in Resources */,
				F4B563B91AB3A5CF0094B2A7 /* shade5.wav in Resources */,
				F4B563BA1AB3A5CF0094B2A7 /* shade6.wav in Resources */,
				F4B563951AB3A5CF0094B2A7 /* giant1.wav in Resources */,
				E7E5E27E1AB6364B00554839 /* Mage-walk.atlas in Resources */,
				F4B563AC1AB3A5CF0094B2A7 /* ogre3.wav in Resources */,
				F4B5637B1AB3A5CF0094B2A7 /* bottle.wav in Resources */,
				F4B5639C1AB3A5CF0094B2A7 /* mnstr11.wav in Resources */,
				F4DC7F391ABC3DAF00E98AD6 /* NewMage-stand.atlas in Resources */,
				F4D33B671A71EF7300DCD868 /* LaunchScreen.xib in Resources */,
				E72E672D1AB626B20082E7B4 /* Warrior-attack.atlas in Resources */,
				F4B563C71AB3A5CF0094B2A7 /* slime9.wav in Resources */,
				E7E5E27F1AB6364B00554839 /* Mage-stumble.atlas in Resources */,
				F4B5636E1AB3A5CF0094B2A7 /* sword-unsheathe.wav in Resources */,
				F4B563721AB3A5CF0094B2A7 /* sword-unsheathe5.wav in Resources */,
				F4DC7F361ABC3DAF00E98AD6 /* NewMage-ability.atlas in Resources */,
				F4B563C31AB3A5CF0094B2A7 /* slime5.wav in Resources */,
				F4B563791AB3A5CF0094B2A7 /* armor-light.wav in Resources */,
				F4B5639D1AB3A5CF0094B2A7 /* mnstr12.wav in Resources */,
				F4B563B61AB3A5CF0094B2A7 /* shade2.wav in Resources */,
				F4B563811AB3A5CF0094B2A7 /* cloth-heavy.wav in Resources */,
				F4B563BF1AB3A5CF0094B2A7 /* slime10.wav in Resources */,
				F4B563851AB3A5CF0094B2A7 /* coin3.wav in Resources */,
				F42FD5AF1A895D4F002C6624 /* Background1.png in Resources */,
				F4B563921AB3A5CF0094B2A7 /* bite-small.wav in Resources */,
				F4B563AA1AB3A5CF0094B2A7 /* ogre1.wav in Resources */,
				F4B563AD1AB3A5CF0094B2A7 /* ogre4.wav in Resources */,
				F4B563A31AB3A5CF0094B2A7 /* mnstr4.wav in Resources */,
				F4B563BC1AB3A5CF0094B2A7 /* shade8.wav in Resources */,
				F4B563AF1AB3A5CF0094B2A7 /* shade1.wav in Resources */,
				F4B5638E1AB3A5CF0094B2A7 /* random3.wav in Resources */,
				F4B563971AB3A5CF0094B2A7 /* giant3.wav in Resources */,
				F4B563691AB3A5CF0094B2A7 /* magic1.wav in Resources */,
				F4B563841AB3A5CF0094B2A7 /* coin2.wav in Resources */,
				F4D33B641A71EF7300DCD868 /* Images.xcassets in Resources */,
				F4B563961AB3A5CF0094B2A7 /* giant2.wav in Resources */,
				F4B563891AB3A5CF0094B2A7 /* metal-small3.wav in Resources */,
				F4B5639B1AB3A5CF0094B2A7 /* mnstr10.wav in Resources */,
				F4B563A01AB3A5CF0094B2A7 /* mnstr15.wav in Resources */,
				68A18D501AA8719E001CCE1D /* Notes in Resources */,
				F4B563B71AB3A5CF0094B2A7 /* shade3.wav in Resources */,
				F4B563901AB3A5CF0094B2A7 /* random5.wav in Resources */,
				F4B563831AB3A5CF0094B2A7 /* coin.wav in Resources */,
				F4B563AE1AB3A5CF0094B2A7 /* ogre5.wav in Resources */,
				F4B563A21AB3A5CF0094B2A7 /* mnstr3.wav in Resources */,
				F4D33B621A71EF7300DCD868 /* Main.storyboard in Resources */,
				F4B563BE1AB3A5CF0094B2A7 /* slime1.wav in Resources */,
				F4B563871AB3A5CF0094B2A7 /* metal-small1.wav in Resources */,
				F4B5639A1AB3A5CF0094B2A7 /* mnstr1.wav in Resources */,
				F4B563711AB3A5CF0094B2A7 /* sword-unsheathe4.wav in Resources */,
				F4B563A41AB3A5CF0094B2A7 /* mnstr5.wav in Resources */,
			);
			runOnlyForDeploymentPostprocessing = 0;
		};
		F4D33B6A1A71EF7300DCD868 /* Resources */ = {
			isa = PBXResourcesBuildPhase;
			buildActionMask = 2147483647;
			files = (
			);
			runOnlyForDeploymentPostprocessing = 0;
		};
/* End PBXResourcesBuildPhase section */

/* Begin PBXSourcesBuildPhase section */
		F4D33B4F1A71EF7300DCD868 /* Sources */ = {
			isa = PBXSourcesBuildPhase;
			buildActionMask = 2147483647;
			files = (
				68DADF591AB5738800A20800 /* AreaHeal.swift in Sources */,
				6850A0861A91606100B8CAD4 /* SplashViewController.swift in Sources */,
				F42FD5AD1A880282002C6624 /* SerializableJSON.swift in Sources */,
				F4CA5DE31AB55D92006DB177 /* TextureLoader.swift in Sources */,
				68C08F6E1ABA198700AEEF3E /* NetworkManager.swift in Sources */,
				68A18D521AA8719E001CCE1D /* GCDAsyncUdpSocket.m in Sources */,
				F4B5047C1A90175B007CDBA8 /* PType.swift in Sources */,
				68DADF611AB5738800A20800 /* Order.swift in Sources */,
				E75F4FB91AB0DA0F00C3D76E /* LevelOne.swift in Sources */,
				68DADF621AB5738800A20800 /* RoamAttack.swift in Sources */,
				68DADF5E1AB5738800A20800 /* Idle.swift in Sources */,
				68DADF5C1AB5738800A20800 /* Taunt.swift in Sources */,
				F4DC7F2A1ABB5BDB00E98AD6 /* LevelTwo.swift in Sources */,
				68F35CAC1A84C4D5004905BF /* GameScene.swift in Sources */,
				68DADF491AB56FE800A20800 /* ButtonTaunt.swift in Sources */,
				68B7DBF91A84C306003D9398 /* NotificationListener.swift in Sources */,
				F4B504821A9234B9007CDBA8 /* TargetDummy.swift in Sources */,
				F402F68F1AB51AF300A930C2 /* EnemyMage.swift in Sources */,
				F4DC7F2F1ABB5EAD00E98AD6 /* EnemyBoss.swift in Sources */,
				6850A0881A91632F00B8CAD4 /* LobbyViewController.swift in Sources */,
				F4DD1DCF1AB54F30006B200A /* ButtonAreaHeal.swift in Sources */,
				F4B562EC1AB0D8C20094B2A7 /* Ability.swift in Sources */,
				F4B834901A9BB95300A839E5 /* Enemy.swift in Sources */,
				68A18D511AA8719E001CCE1D /* NSDate+NetworkClock.m in Sources */,
				F4B562F41AB287F40094B2A7 /* Mage.swift in Sources */,
				68DADF5F1AB5738800A20800 /* Move.swift in Sources */,
				68F35CB81A84C540004905BF /* Unit.swift in Sources */,
				68F35CB71A84C540004905BF /* Projectile.swift in Sources */,
				68F35CB91A84C540004905BF /* Warrior.swift in Sources */,
				F4E896421AA128E000406784 /* Game.swift in Sources */,
				68B7DBFA1A84C306003D9398 /* RoomListener.swift in Sources */,
				68B7DBFB1A84C306003D9398 /* ZoneListener.swift in Sources */,
				68B7DBF71A84C306003D9398 /* AppWarpHelper.swift in Sources */,
				F4B562F81AB38A9A0094B2A7 /* ButtonEnrage.swift in Sources */,
				F42A960F1AB56CD300E07C67 /* ButtonShrink.swift in Sources */,
				F4D33B5F1A71EF7300DCD868 /* GameViewController.swift in Sources */,
				68B7DBF81A84C306003D9398 /* ConnectionListener.swift in Sources */,
				68DADF5A1AB5738800A20800 /* Enrage.swift in Sources */,
				F4D33B591A71EF7300DCD868 /* AppDelegate.swift in Sources */,
				F4DC7F281ABA0BDE00E98AD6 /* Attribute.swift in Sources */,
				682944DF1AB5787000680A36 /* Heal.swift in Sources */,
				E75F4FBB1AB0DE1B00C3D76E /* Level.swift in Sources */,
				68DADF5D1AB5738800A20800 /* Attack.swift in Sources */,
				68DADF631AB5738800A20800 /* Transient.swift in Sources */,
				68038FE11AA56B8C0053A963 /* Timer.swift in Sources */,
				68DADF601AB5738800A20800 /* NoneOrder.swift in Sources */,
				68A18D4E1AA8719E001CCE1D /* NetAssociation.m in Sources */,
				68A18D4F1AA8719E001CCE1D /* NetworkClock.m in Sources */,
				682944E11AB578A200680A36 /* Shrink.swift in Sources */,
				F4DC7F2C1ABB5C0E00E98AD6 /* LevelThree.swift in Sources */,
				F4B562EE1AB21B290094B2A7 /* ButtonHeal.swift in Sources */,
			);
			runOnlyForDeploymentPostprocessing = 0;
		};
		F4D33B681A71EF7300DCD868 /* Sources */ = {
			isa = PBXSourcesBuildPhase;
			buildActionMask = 2147483647;
			files = (
				F4D33B731A71EF7300DCD868 /* _60DemoTests.swift in Sources */,
			);
			runOnlyForDeploymentPostprocessing = 0;
		};
/* End PBXSourcesBuildPhase section */

/* Begin PBXTargetDependency section */
		F4D33B6E1A71EF7300DCD868 /* PBXTargetDependency */ = {
			isa = PBXTargetDependency;
			target = F4D33B521A71EF7300DCD868 /* 460Demo */;
			targetProxy = F4D33B6D1A71EF7300DCD868 /* PBXContainerItemProxy */;
		};
/* End PBXTargetDependency section */

/* Begin PBXVariantGroup section */
		F4D33B601A71EF7300DCD868 /* Main.storyboard */ = {
			isa = PBXVariantGroup;
			children = (
				F4D33B611A71EF7300DCD868 /* Base */,
			);
			name = Main.storyboard;
			sourceTree = "<group>";
		};
		F4D33B651A71EF7300DCD868 /* LaunchScreen.xib */ = {
			isa = PBXVariantGroup;
			children = (
				F4D33B661A71EF7300DCD868 /* Base */,
			);
			name = LaunchScreen.xib;
			sourceTree = "<group>";
		};
/* End PBXVariantGroup section */

/* Begin XCBuildConfiguration section */
		F4D33B741A71EF7300DCD868 /* Debug */ = {
			isa = XCBuildConfiguration;
			buildSettings = {
				ALWAYS_SEARCH_USER_PATHS = NO;
				CLANG_CXX_LANGUAGE_STANDARD = "gnu++0x";
				CLANG_CXX_LIBRARY = "libc++";
				CLANG_ENABLE_MODULES = YES;
				CLANG_ENABLE_OBJC_ARC = YES;
				CLANG_WARN_BOOL_CONVERSION = YES;
				CLANG_WARN_CONSTANT_CONVERSION = YES;
				CLANG_WARN_DIRECT_OBJC_ISA_USAGE = YES_ERROR;
				CLANG_WARN_EMPTY_BODY = YES;
				CLANG_WARN_ENUM_CONVERSION = YES;
				CLANG_WARN_INT_CONVERSION = YES;
				CLANG_WARN_OBJC_ROOT_CLASS = YES_ERROR;
				CLANG_WARN_UNREACHABLE_CODE = YES;
				CLANG_WARN__DUPLICATE_METHOD_MATCH = YES;
				"CODE_SIGN_IDENTITY[sdk=iphoneos*]" = "iPhone Developer";
				COPY_PHASE_STRIP = NO;
				ENABLE_STRICT_OBJC_MSGSEND = YES;
				GCC_C_LANGUAGE_STANDARD = gnu99;
				GCC_DYNAMIC_NO_PIC = NO;
				GCC_OPTIMIZATION_LEVEL = 0;
				GCC_PREPROCESSOR_DEFINITIONS = (
					"DEBUG=1",
					"$(inherited)",
				);
				GCC_SYMBOLS_PRIVATE_EXTERN = NO;
				GCC_WARN_64_TO_32_BIT_CONVERSION = YES;
				GCC_WARN_ABOUT_RETURN_TYPE = YES_ERROR;
				GCC_WARN_UNDECLARED_SELECTOR = YES;
				GCC_WARN_UNINITIALIZED_AUTOS = YES_AGGRESSIVE;
				GCC_WARN_UNUSED_FUNCTION = YES;
				GCC_WARN_UNUSED_VARIABLE = YES;
				IPHONEOS_DEPLOYMENT_TARGET = 8.1;
				MTL_ENABLE_DEBUG_INFO = YES;
				ONLY_ACTIVE_ARCH = YES;
				SDKROOT = iphoneos;
				SWIFT_OPTIMIZATION_LEVEL = "-Onone";
				TARGETED_DEVICE_FAMILY = 2;
			};
			name = Debug;
		};
		F4D33B751A71EF7300DCD868 /* Release */ = {
			isa = XCBuildConfiguration;
			buildSettings = {
				ALWAYS_SEARCH_USER_PATHS = NO;
				CLANG_CXX_LANGUAGE_STANDARD = "gnu++0x";
				CLANG_CXX_LIBRARY = "libc++";
				CLANG_ENABLE_MODULES = YES;
				CLANG_ENABLE_OBJC_ARC = YES;
				CLANG_WARN_BOOL_CONVERSION = YES;
				CLANG_WARN_CONSTANT_CONVERSION = YES;
				CLANG_WARN_DIRECT_OBJC_ISA_USAGE = YES_ERROR;
				CLANG_WARN_EMPTY_BODY = YES;
				CLANG_WARN_ENUM_CONVERSION = YES;
				CLANG_WARN_INT_CONVERSION = YES;
				CLANG_WARN_OBJC_ROOT_CLASS = YES_ERROR;
				CLANG_WARN_UNREACHABLE_CODE = YES;
				CLANG_WARN__DUPLICATE_METHOD_MATCH = YES;
				"CODE_SIGN_IDENTITY[sdk=iphoneos*]" = "iPhone Developer";
				COPY_PHASE_STRIP = YES;
				ENABLE_NS_ASSERTIONS = NO;
				ENABLE_STRICT_OBJC_MSGSEND = YES;
				GCC_C_LANGUAGE_STANDARD = gnu99;
				GCC_WARN_64_TO_32_BIT_CONVERSION = YES;
				GCC_WARN_ABOUT_RETURN_TYPE = YES_ERROR;
				GCC_WARN_UNDECLARED_SELECTOR = YES;
				GCC_WARN_UNINITIALIZED_AUTOS = YES_AGGRESSIVE;
				GCC_WARN_UNUSED_FUNCTION = YES;
				GCC_WARN_UNUSED_VARIABLE = YES;
				IPHONEOS_DEPLOYMENT_TARGET = 8.1;
				MTL_ENABLE_DEBUG_INFO = NO;
				SDKROOT = iphoneos;
				TARGETED_DEVICE_FAMILY = 2;
				VALIDATE_PRODUCT = YES;
			};
			name = Release;
		};
		F4D33B771A71EF7300DCD868 /* Debug */ = {
			isa = XCBuildConfiguration;
			buildSettings = {
				ALWAYS_SEARCH_USER_PATHS = YES;
				ASSETCATALOG_COMPILER_APPICON_NAME = AppIcon;
				CLANG_ENABLE_MODULES = YES;
				CODE_SIGN_IDENTITY = "iPhone Developer";
				"CODE_SIGN_IDENTITY[sdk=iphoneos*]" = "iPhone Developer";
				FRAMEWORK_SEARCH_PATHS = (
					"$(inherited)",
					"$(PROJECT_DIR)/460Demo",
					"$(PROJECT_DIR)/460Demo/AppWarpHelperClasses",
				);
				GCC_PREFIX_HEADER = "$SRCROOT/460Demo/iosNtp/ios-ntp-lib/ios-ntp.pch";
				INFOPLIST_FILE = 460Demo/Info.plist;
				IPHONEOS_DEPLOYMENT_TARGET = 8.1;
				LD_RUNPATH_SEARCH_PATHS = "$(inherited) @executable_path/Frameworks";
				PRODUCT_NAME = "$(TARGET_NAME)";
				PROVISIONING_PROFILE = "";
				SWIFT_OBJC_BRIDGING_HEADER = "460Demo/460Demo-Bridging-Header.h";
				SWIFT_OPTIMIZATION_LEVEL = "-Onone";
				TARGETED_DEVICE_FAMILY = 2;
				USER_HEADER_SEARCH_PATHS = "$SRCROOT/**";
			};
			name = Debug;
		};
		F4D33B781A71EF7300DCD868 /* Release */ = {
			isa = XCBuildConfiguration;
			buildSettings = {
				ALWAYS_SEARCH_USER_PATHS = YES;
				ASSETCATALOG_COMPILER_APPICON_NAME = AppIcon;
				CLANG_ENABLE_MODULES = YES;
				CODE_SIGN_IDENTITY = "iPhone Developer";
				"CODE_SIGN_IDENTITY[sdk=iphoneos*]" = "iPhone Developer";
				FRAMEWORK_SEARCH_PATHS = (
					"$(inherited)",
					"$(PROJECT_DIR)/460Demo",
					"$(PROJECT_DIR)/460Demo/AppWarpHelperClasses",
				);
				GCC_PREFIX_HEADER = "$SRCROOT/460Demo/iosNtp/ios-ntp-lib/ios-ntp.pch";
				INFOPLIST_FILE = 460Demo/Info.plist;
				IPHONEOS_DEPLOYMENT_TARGET = 8.1;
				LD_RUNPATH_SEARCH_PATHS = "$(inherited) @executable_path/Frameworks";
				PRODUCT_NAME = "$(TARGET_NAME)";
				PROVISIONING_PROFILE = "";
				SWIFT_OBJC_BRIDGING_HEADER = "460Demo/460Demo-Bridging-Header.h";
				TARGETED_DEVICE_FAMILY = 2;
				USER_HEADER_SEARCH_PATHS = "$SRCROOT/**";
			};
			name = Release;
		};
		F4D33B7A1A71EF7300DCD868 /* Debug */ = {
			isa = XCBuildConfiguration;
			buildSettings = {
				BUNDLE_LOADER = "$(TEST_HOST)";
				FRAMEWORK_SEARCH_PATHS = (
					"$(SDKROOT)/Developer/Library/Frameworks",
					"$(inherited)",
				);
				GCC_PREPROCESSOR_DEFINITIONS = (
					"DEBUG=1",
					"$(inherited)",
				);
				INFOPLIST_FILE = 460DemoTests/Info.plist;
				LD_RUNPATH_SEARCH_PATHS = "$(inherited) @executable_path/Frameworks @loader_path/Frameworks";
				PRODUCT_NAME = "$(TARGET_NAME)";
				TEST_HOST = "$(BUILT_PRODUCTS_DIR)/460Demo.app/460Demo";
			};
			name = Debug;
		};
		F4D33B7B1A71EF7300DCD868 /* Release */ = {
			isa = XCBuildConfiguration;
			buildSettings = {
				BUNDLE_LOADER = "$(TEST_HOST)";
				FRAMEWORK_SEARCH_PATHS = (
					"$(SDKROOT)/Developer/Library/Frameworks",
					"$(inherited)",
				);
				INFOPLIST_FILE = 460DemoTests/Info.plist;
				LD_RUNPATH_SEARCH_PATHS = "$(inherited) @executable_path/Frameworks @loader_path/Frameworks";
				PRODUCT_NAME = "$(TARGET_NAME)";
				TEST_HOST = "$(BUILT_PRODUCTS_DIR)/460Demo.app/460Demo";
			};
			name = Release;
		};
/* End XCBuildConfiguration section */

/* Begin XCConfigurationList section */
		F4D33B4E1A71EF7300DCD868 /* Build configuration list for PBXProject "460Demo" */ = {
			isa = XCConfigurationList;
			buildConfigurations = (
				F4D33B741A71EF7300DCD868 /* Debug */,
				F4D33B751A71EF7300DCD868 /* Release */,
			);
			defaultConfigurationIsVisible = 0;
			defaultConfigurationName = Release;
		};
		F4D33B761A71EF7300DCD868 /* Build configuration list for PBXNativeTarget "460Demo" */ = {
			isa = XCConfigurationList;
			buildConfigurations = (
				F4D33B771A71EF7300DCD868 /* Debug */,
				F4D33B781A71EF7300DCD868 /* Release */,
			);
			defaultConfigurationIsVisible = 0;
			defaultConfigurationName = Release;
		};
		F4D33B791A71EF7300DCD868 /* Build configuration list for PBXNativeTarget "460DemoTests" */ = {
			isa = XCConfigurationList;
			buildConfigurations = (
				F4D33B7A1A71EF7300DCD868 /* Debug */,
				F4D33B7B1A71EF7300DCD868 /* Release */,
			);
			defaultConfigurationIsVisible = 0;
			defaultConfigurationName = Release;
		};
/* End XCConfigurationList section */
	};
	rootObject = F4D33B4B1A71EF7300DCD868 /* Project object */;
}
