// !$*UTF8*$!
{
	archiveVersion = 1;
	classes = {
	};
	objectVersion = 46;
	objects = {

/* Begin PBXBuildFile section */
		6827FE541A8E95C2007E7DB9 /* Idle.swift in Sources */ = {isa = PBXBuildFile; fileRef = 6827FE531A8E95C2007E7DB9 /* Idle.swift */; };
		6850A0861A91606100B8CAD4 /* MainViewController.swift in Sources */ = {isa = PBXBuildFile; fileRef = 6850A0851A91606100B8CAD4 /* MainViewController.swift */; };
		6850A0881A91632F00B8CAD4 /* LobbyViewController.swift in Sources */ = {isa = PBXBuildFile; fileRef = 6850A0871A91632F00B8CAD4 /* LobbyViewController.swift */; };
		68B7DBF61A84C306003D9398 /* 460Demo-Bridging-Header.m in Sources */ = {isa = PBXBuildFile; fileRef = 68B7DBF01A84C306003D9398 /* 460Demo-Bridging-Header.m */; };
		68B7DBF71A84C306003D9398 /* AppWarpHelper.swift in Sources */ = {isa = PBXBuildFile; fileRef = 68B7DBF11A84C306003D9398 /* AppWarpHelper.swift */; };
		68B7DBF81A84C306003D9398 /* ConnectionListener.swift in Sources */ = {isa = PBXBuildFile; fileRef = 68B7DBF21A84C306003D9398 /* ConnectionListener.swift */; };
		68B7DBF91A84C306003D9398 /* NotificationListener.swift in Sources */ = {isa = PBXBuildFile; fileRef = 68B7DBF31A84C306003D9398 /* NotificationListener.swift */; };
		68B7DBFA1A84C306003D9398 /* RoomListener.swift in Sources */ = {isa = PBXBuildFile; fileRef = 68B7DBF41A84C306003D9398 /* RoomListener.swift */; };
		68B7DBFB1A84C306003D9398 /* ZoneListener.swift in Sources */ = {isa = PBXBuildFile; fileRef = 68B7DBF51A84C306003D9398 /* ZoneListener.swift */; };
		68B7DBFD1A84C316003D9398 /* AppWarp_iOS_SDK.framework in Frameworks */ = {isa = PBXBuildFile; fileRef = 68B7DBFC1A84C316003D9398 /* AppWarp_iOS_SDK.framework */; };
		68F35CAB1A84C4D5004905BF /* GameScene.sks in Resources */ = {isa = PBXBuildFile; fileRef = 68F35CA91A84C4D5004905BF /* GameScene.sks */; };
		68F35CAC1A84C4D5004905BF /* GameScene.swift in Sources */ = {isa = PBXBuildFile; fileRef = 68F35CAA1A84C4D5004905BF /* GameScene.swift */; };
		68F35CB41A84C540004905BF /* Attack.swift in Sources */ = {isa = PBXBuildFile; fileRef = 68F35CAE1A84C540004905BF /* Attack.swift */; };
		68F35CB51A84C540004905BF /* Move.swift in Sources */ = {isa = PBXBuildFile; fileRef = 68F35CAF1A84C540004905BF /* Move.swift */; };
		68F35CB61A84C540004905BF /* Order.swift in Sources */ = {isa = PBXBuildFile; fileRef = 68F35CB01A84C540004905BF /* Order.swift */; };
		68F35CB71A84C540004905BF /* Projectile.swift in Sources */ = {isa = PBXBuildFile; fileRef = 68F35CB11A84C540004905BF /* Projectile.swift */; };
		68F35CB81A84C540004905BF /* Unit.swift in Sources */ = {isa = PBXBuildFile; fileRef = 68F35CB21A84C540004905BF /* Unit.swift */; };
		68F35CB91A84C540004905BF /* Warrior.swift in Sources */ = {isa = PBXBuildFile; fileRef = 68F35CB31A84C540004905BF /* Warrior.swift */; };
		F42FD5AD1A880282002C6624 /* SerializableJSON.swift in Sources */ = {isa = PBXBuildFile; fileRef = F42FD5AC1A880282002C6624 /* SerializableJSON.swift */; };
		F42FD5AF1A895D4F002C6624 /* Background1.png in Resources */ = {isa = PBXBuildFile; fileRef = F42FD5AE1A895D4F002C6624 /* Background1.png */; };
		F4B5047C1A90175B007CDBA8 /* PType.swift in Sources */ = {isa = PBXBuildFile; fileRef = F4B5047B1A90175B007CDBA8 /* PType.swift */; };
		F4B504801A908339007CDBA8 /* NoneOrder.swift in Sources */ = {isa = PBXBuildFile; fileRef = F4B5047F1A908339007CDBA8 /* NoneOrder.swift */; };
		F4B504821A9234B9007CDBA8 /* TargetDummy.swift in Sources */ = {isa = PBXBuildFile; fileRef = F4B504811A9234B9007CDBA8 /* TargetDummy.swift */; };
		F4B834901A9BB95300A839E5 /* Enemy.swift in Sources */ = {isa = PBXBuildFile; fileRef = F4B8348F1A9BB95200A839E5 /* Enemy.swift */; };
		F4B834921A9BC1D500A839E5 /* RoamAttack.swift in Sources */ = {isa = PBXBuildFile; fileRef = F4B834911A9BC1D500A839E5 /* RoamAttack.swift */; };
		F4C0F5D91A87F63D0075F2A3 /* Attack.atlas in Resources */ = {isa = PBXBuildFile; fileRef = F4C0F5D81A87F63D0075F2A3 /* Attack.atlas */; };
		F4C0F5DB1A87F6500075F2A3 /* Walk.atlas in Resources */ = {isa = PBXBuildFile; fileRef = F4C0F5DA1A87F6500075F2A3 /* Walk.atlas */; };
		F4D33B591A71EF7300DCD868 /* AppDelegate.swift in Sources */ = {isa = PBXBuildFile; fileRef = F4D33B581A71EF7300DCD868 /* AppDelegate.swift */; };
		F4D33B5F1A71EF7300DCD868 /* GameViewController.swift in Sources */ = {isa = PBXBuildFile; fileRef = F4D33B5E1A71EF7300DCD868 /* GameViewController.swift */; };
		F4D33B621A71EF7300DCD868 /* Main.storyboard in Resources */ = {isa = PBXBuildFile; fileRef = F4D33B601A71EF7300DCD868 /* Main.storyboard */; };
		F4D33B641A71EF7300DCD868 /* Images.xcassets in Resources */ = {isa = PBXBuildFile; fileRef = F4D33B631A71EF7300DCD868 /* Images.xcassets */; };
		F4D33B671A71EF7300DCD868 /* LaunchScreen.xib in Resources */ = {isa = PBXBuildFile; fileRef = F4D33B651A71EF7300DCD868 /* LaunchScreen.xib */; };
		F4D33B731A71EF7300DCD868 /* _60DemoTests.swift in Sources */ = {isa = PBXBuildFile; fileRef = F4D33B721A71EF7300DCD868 /* _60DemoTests.swift */; };
		F4E896421AA128E000406784 /* Game.swift in Sources */ = {isa = PBXBuildFile; fileRef = F4E896411AA128E000406784 /* Game.swift */; };
/* End PBXBuildFile section */

/* Begin PBXContainerItemProxy section */
		F4D33B6D1A71EF7300DCD868 /* PBXContainerItemProxy */ = {
			isa = PBXContainerItemProxy;
			containerPortal = F4D33B4B1A71EF7300DCD868 /* Project object */;
			proxyType = 1;
			remoteGlobalIDString = F4D33B521A71EF7300DCD868;
			remoteInfo = 460Demo;
		};
/* End PBXContainerItemProxy section */

/* Begin PBXFileReference section */
		6827FE531A8E95C2007E7DB9 /* Idle.swift */ = {isa = PBXFileReference; fileEncoding = 4; lastKnownFileType = sourcecode.swift; path = Idle.swift; sourceTree = "<group>"; };
		6850A0851A91606100B8CAD4 /* MainViewController.swift */ = {isa = PBXFileReference; fileEncoding = 4; lastKnownFileType = sourcecode.swift; path = MainViewController.swift; sourceTree = "<group>"; };
		6850A0871A91632F00B8CAD4 /* LobbyViewController.swift */ = {isa = PBXFileReference; fileEncoding = 4; lastKnownFileType = sourcecode.swift; path = LobbyViewController.swift; sourceTree = "<group>"; };
		68B7DBEF1A84C306003D9398 /* 460Demo-Bridging-Header.h */ = {isa = PBXFileReference; fileEncoding = 4; lastKnownFileType = sourcecode.c.h; path = "460Demo-Bridging-Header.h"; sourceTree = "<group>"; };
		68B7DBF01A84C306003D9398 /* 460Demo-Bridging-Header.m */ = {isa = PBXFileReference; fileEncoding = 4; lastKnownFileType = sourcecode.c.objc; path = "460Demo-Bridging-Header.m"; sourceTree = "<group>"; };
		68B7DBF11A84C306003D9398 /* AppWarpHelper.swift */ = {isa = PBXFileReference; fileEncoding = 4; lastKnownFileType = sourcecode.swift; path = AppWarpHelper.swift; sourceTree = "<group>"; };
		68B7DBF21A84C306003D9398 /* ConnectionListener.swift */ = {isa = PBXFileReference; fileEncoding = 4; lastKnownFileType = sourcecode.swift; path = ConnectionListener.swift; sourceTree = "<group>"; };
		68B7DBF31A84C306003D9398 /* NotificationListener.swift */ = {isa = PBXFileReference; fileEncoding = 4; lastKnownFileType = sourcecode.swift; path = NotificationListener.swift; sourceTree = "<group>"; };
		68B7DBF41A84C306003D9398 /* RoomListener.swift */ = {isa = PBXFileReference; fileEncoding = 4; lastKnownFileType = sourcecode.swift; path = RoomListener.swift; sourceTree = "<group>"; };
		68B7DBF51A84C306003D9398 /* ZoneListener.swift */ = {isa = PBXFileReference; fileEncoding = 4; lastKnownFileType = sourcecode.swift; path = ZoneListener.swift; sourceTree = "<group>"; };
		68B7DBFC1A84C316003D9398 /* AppWarp_iOS_SDK.framework */ = {isa = PBXFileReference; lastKnownFileType = wrapper.framework; path = AppWarp_iOS_SDK.framework; sourceTree = "<group>"; };
		68F35CA91A84C4D5004905BF /* GameScene.sks */ = {isa = PBXFileReference; lastKnownFileType = file.sks; path = GameScene.sks; sourceTree = "<group>"; };
		68F35CAA1A84C4D5004905BF /* GameScene.swift */ = {isa = PBXFileReference; fileEncoding = 4; lastKnownFileType = sourcecode.swift; lineEnding = 0; path = GameScene.swift; sourceTree = "<group>"; xcLanguageSpecificationIdentifier = xcode.lang.swift; };
		68F35CAE1A84C540004905BF /* Attack.swift */ = {isa = PBXFileReference; fileEncoding = 4; lastKnownFileType = sourcecode.swift; path = Attack.swift; sourceTree = "<group>"; };
		68F35CAF1A84C540004905BF /* Move.swift */ = {isa = PBXFileReference; fileEncoding = 4; lastKnownFileType = sourcecode.swift; path = Move.swift; sourceTree = "<group>"; };
		68F35CB01A84C540004905BF /* Order.swift */ = {isa = PBXFileReference; fileEncoding = 4; lastKnownFileType = sourcecode.swift; path = Order.swift; sourceTree = "<group>"; };
		68F35CB11A84C540004905BF /* Projectile.swift */ = {isa = PBXFileReference; fileEncoding = 4; lastKnownFileType = sourcecode.swift; path = Projectile.swift; sourceTree = "<group>"; };
		68F35CB21A84C540004905BF /* Unit.swift */ = {isa = PBXFileReference; fileEncoding = 4; lastKnownFileType = sourcecode.swift; path = Unit.swift; sourceTree = "<group>"; };
		68F35CB31A84C540004905BF /* Warrior.swift */ = {isa = PBXFileReference; fileEncoding = 4; lastKnownFileType = sourcecode.swift; lineEnding = 0; path = Warrior.swift; sourceTree = "<group>"; xcLanguageSpecificationIdentifier = xcode.lang.swift; };
		F42FD5AC1A880282002C6624 /* SerializableJSON.swift */ = {isa = PBXFileReference; fileEncoding = 4; lastKnownFileType = sourcecode.swift; path = SerializableJSON.swift; sourceTree = "<group>"; };
		F42FD5AE1A895D4F002C6624 /* Background1.png */ = {isa = PBXFileReference; lastKnownFileType = image.png; name = Background1.png; path = ../Background1.png; sourceTree = "<group>"; };
		F4B5047B1A90175B007CDBA8 /* PType.swift */ = {isa = PBXFileReference; fileEncoding = 4; lastKnownFileType = sourcecode.swift; path = PType.swift; sourceTree = "<group>"; };
		F4B5047F1A908339007CDBA8 /* NoneOrder.swift */ = {isa = PBXFileReference; fileEncoding = 4; lastKnownFileType = sourcecode.swift; path = NoneOrder.swift; sourceTree = "<group>"; };
		F4B504811A9234B9007CDBA8 /* TargetDummy.swift */ = {isa = PBXFileReference; fileEncoding = 4; lastKnownFileType = sourcecode.swift; path = TargetDummy.swift; sourceTree = "<group>"; };
		F4B8348F1A9BB95200A839E5 /* Enemy.swift */ = {isa = PBXFileReference; fileEncoding = 4; lastKnownFileType = sourcecode.swift; path = Enemy.swift; sourceTree = "<group>"; };
		F4B834911A9BC1D500A839E5 /* RoamAttack.swift */ = {isa = PBXFileReference; fileEncoding = 4; lastKnownFileType = sourcecode.swift; path = RoamAttack.swift; sourceTree = "<group>"; };
		F4C0F5D81A87F63D0075F2A3 /* Attack.atlas */ = {isa = PBXFileReference; lastKnownFileType = folder.skatlas; path = Attack.atlas; sourceTree = "<group>"; };
		F4C0F5DA1A87F6500075F2A3 /* Walk.atlas */ = {isa = PBXFileReference; lastKnownFileType = folder.skatlas; path = Walk.atlas; sourceTree = "<group>"; };
		F4D33B531A71EF7300DCD868 /* 460Demo.app */ = {isa = PBXFileReference; explicitFileType = wrapper.application; includeInIndex = 0; path = 460Demo.app; sourceTree = BUILT_PRODUCTS_DIR; };
		F4D33B571A71EF7300DCD868 /* Info.plist */ = {isa = PBXFileReference; lastKnownFileType = text.plist.xml; path = Info.plist; sourceTree = "<group>"; };
		F4D33B581A71EF7300DCD868 /* AppDelegate.swift */ = {isa = PBXFileReference; lastKnownFileType = sourcecode.swift; path = AppDelegate.swift; sourceTree = "<group>"; };
		F4D33B5E1A71EF7300DCD868 /* GameViewController.swift */ = {isa = PBXFileReference; lastKnownFileType = sourcecode.swift; path = GameViewController.swift; sourceTree = "<group>"; };
		F4D33B611A71EF7300DCD868 /* Base */ = {isa = PBXFileReference; lastKnownFileType = file.storyboard; name = Base; path = Base.lproj/Main.storyboard; sourceTree = "<group>"; };
		F4D33B631A71EF7300DCD868 /* Images.xcassets */ = {isa = PBXFileReference; lastKnownFileType = folder.assetcatalog; path = Images.xcassets; sourceTree = "<group>"; };
		F4D33B661A71EF7300DCD868 /* Base */ = {isa = PBXFileReference; lastKnownFileType = file.xib; name = Base; path = Base.lproj/LaunchScreen.xib; sourceTree = "<group>"; };
		F4D33B6C1A71EF7300DCD868 /* 460DemoTests.xctest */ = {isa = PBXFileReference; explicitFileType = wrapper.cfbundle; includeInIndex = 0; path = 460DemoTests.xctest; sourceTree = BUILT_PRODUCTS_DIR; };
		F4D33B711A71EF7300DCD868 /* Info.plist */ = {isa = PBXFileReference; lastKnownFileType = text.plist.xml; path = Info.plist; sourceTree = "<group>"; };
		F4D33B721A71EF7300DCD868 /* _60DemoTests.swift */ = {isa = PBXFileReference; lastKnownFileType = sourcecode.swift; path = _60DemoTests.swift; sourceTree = "<group>"; };
		F4E896411AA128E000406784 /* Game.swift */ = {isa = PBXFileReference; fileEncoding = 4; lastKnownFileType = sourcecode.swift; path = Game.swift; sourceTree = "<group>"; };
/* End PBXFileReference section */

/* Begin PBXFrameworksBuildPhase section */
		F4D33B501A71EF7300DCD868 /* Frameworks */ = {
			isa = PBXFrameworksBuildPhase;
			buildActionMask = 2147483647;
			files = (
				68B7DBFD1A84C316003D9398 /* AppWarp_iOS_SDK.framework in Frameworks */,
			);
			runOnlyForDeploymentPostprocessing = 0;
		};
		F4D33B691A71EF7300DCD868 /* Frameworks */ = {
			isa = PBXFrameworksBuildPhase;
			buildActionMask = 2147483647;
			files = (
			);
			runOnlyForDeploymentPostprocessing = 0;
		};
/* End PBXFrameworksBuildPhase section */

/* Begin PBXGroup section */
		68B7DBEE1A84C306003D9398 /* AppWarpHelperClasses */ = {
			isa = PBXGroup;
			children = (
				68B7DBFC1A84C316003D9398 /* AppWarp_iOS_SDK.framework */,
				68B7DBEF1A84C306003D9398 /* 460Demo-Bridging-Header.h */,
				68B7DBF01A84C306003D9398 /* 460Demo-Bridging-Header.m */,
				68B7DBF11A84C306003D9398 /* AppWarpHelper.swift */,
				68B7DBF21A84C306003D9398 /* ConnectionListener.swift */,
				68B7DBF31A84C306003D9398 /* NotificationListener.swift */,
				68B7DBF41A84C306003D9398 /* RoomListener.swift */,
				68B7DBF51A84C306003D9398 /* ZoneListener.swift */,
			);
			path = AppWarpHelperClasses;
			sourceTree = "<group>";
		};
		68F35CA81A84C4D5004905BF /* GameSceneClasses */ = {
			isa = PBXGroup;
			children = (
				68F35CA91A84C4D5004905BF /* GameScene.sks */,
				F42FD5AE1A895D4F002C6624 /* Background1.png */,
				68F35CAA1A84C4D5004905BF /* GameScene.swift */,
				F4E896411AA128E000406784 /* Game.swift */,
			);
			path = GameSceneClasses;
			sourceTree = "<group>";
		};
		68F35CAD1A84C540004905BF /* GameCoreClasses */ = {
			isa = PBXGroup;
			children = (
				F42FD5AC1A880282002C6624 /* SerializableJSON.swift */,
				F4B5047B1A90175B007CDBA8 /* PType.swift */,
				F4B5047D1A906B70007CDBA8 /* Orders */,
				68F35CB11A84C540004905BF /* Projectile.swift */,
				F4B5047E1A907A2A007CDBA8 /* Units */,
			);
			path = GameCoreClasses;
			sourceTree = "<group>";
		};
		F4B5047A1A900D98007CDBA8 /* Target Dummy */ = {
			isa = PBXGroup;
			children = (
				F4B504811A9234B9007CDBA8 /* TargetDummy.swift */,
			);
			name = "Target Dummy";
			sourceTree = "<group>";
		};
		F4B5047D1A906B70007CDBA8 /* Orders */ = {
			isa = PBXGroup;
			children = (
				68F35CB01A84C540004905BF /* Order.swift */,
				68F35CAE1A84C540004905BF /* Attack.swift */,
				F4B834911A9BC1D500A839E5 /* RoamAttack.swift */,
				68F35CAF1A84C540004905BF /* Move.swift */,
				6827FE531A8E95C2007E7DB9 /* Idle.swift */,
				F4B5047F1A908339007CDBA8 /* NoneOrder.swift */,
			);
			name = Orders;
			sourceTree = "<group>";
		};
		F4B5047E1A907A2A007CDBA8 /* Units */ = {
			isa = PBXGroup;
			children = (
				68F35CB21A84C540004905BF /* Unit.swift */,
				F4BC9DC81A900C9A00F3B617 /* Warrior */,
				F4B5047A1A900D98007CDBA8 /* Target Dummy */,
			);
			name = Units;
			sourceTree = "<group>";
		};
		F4BC9DC81A900C9A00F3B617 /* Warrior */ = {
			isa = PBXGroup;
			children = (
				68F35CB31A84C540004905BF /* Warrior.swift */,
				F4B8348F1A9BB95200A839E5 /* Enemy.swift */,
				F4C0F5D81A87F63D0075F2A3 /* Attack.atlas */,
				F4C0F5DA1A87F6500075F2A3 /* Walk.atlas */,
			);
			name = Warrior;
			sourceTree = "<group>";
		};
		F4D33B4A1A71EF7300DCD868 = {
			isa = PBXGroup;
			children = (
				F4D33B551A71EF7300DCD868 /* 460Demo */,
				F4D33B6F1A71EF7300DCD868 /* 460DemoTests */,
				F4D33B541A71EF7300DCD868 /* Products */,
			);
			sourceTree = "<group>";
		};
		F4D33B541A71EF7300DCD868 /* Products */ = {
			isa = PBXGroup;
			children = (
				F4D33B531A71EF7300DCD868 /* 460Demo.app */,
				F4D33B6C1A71EF7300DCD868 /* 460DemoTests.xctest */,
			);
			name = Products;
			sourceTree = "<group>";
		};
		F4D33B551A71EF7300DCD868 /* 460Demo */ = {
			isa = PBXGroup;
			children = (
				68B7DBEE1A84C306003D9398 /* AppWarpHelperClasses */,
				68F35CAD1A84C540004905BF /* GameCoreClasses */,
				68F35CA81A84C4D5004905BF /* GameSceneClasses */,
				F4D33B581A71EF7300DCD868 /* AppDelegate.swift */,
				F4D33B5E1A71EF7300DCD868 /* GameViewController.swift */,
				6850A0851A91606100B8CAD4 /* MainViewController.swift */,
				F4D33B601A71EF7300DCD868 /* Main.storyboard */,
				6850A0871A91632F00B8CAD4 /* LobbyViewController.swift */,
				F4D33B631A71EF7300DCD868 /* Images.xcassets */,
				F4D33B651A71EF7300DCD868 /* LaunchScreen.xib */,
				F4D33B561A71EF7300DCD868 /* Supporting Files */,
			);
			path = 460Demo;
			sourceTree = "<group>";
		};
		F4D33B561A71EF7300DCD868 /* Supporting Files */ = {
			isa = PBXGroup;
			children = (
				F4D33B571A71EF7300DCD868 /* Info.plist */,
			);
			name = "Supporting Files";
			sourceTree = "<group>";
		};
		F4D33B6F1A71EF7300DCD868 /* 460DemoTests */ = {
			isa = PBXGroup;
			children = (
				F4D33B721A71EF7300DCD868 /* _60DemoTests.swift */,
				F4D33B701A71EF7300DCD868 /* Supporting Files */,
			);
			path = 460DemoTests;
			sourceTree = "<group>";
		};
		F4D33B701A71EF7300DCD868 /* Supporting Files */ = {
			isa = PBXGroup;
			children = (
				F4D33B711A71EF7300DCD868 /* Info.plist */,
			);
			name = "Supporting Files";
			sourceTree = "<group>";
		};
/* End PBXGroup section */

/* Begin PBXNativeTarget section */
		F4D33B521A71EF7300DCD868 /* 460Demo */ = {
			isa = PBXNativeTarget;
			buildConfigurationList = F4D33B761A71EF7300DCD868 /* Build configuration list for PBXNativeTarget "460Demo" */;
			buildPhases = (
				F4D33B4F1A71EF7300DCD868 /* Sources */,
				F4D33B501A71EF7300DCD868 /* Frameworks */,
				F4D33B511A71EF7300DCD868 /* Resources */,
			);
			buildRules = (
			);
			dependencies = (
			);
			name = 460Demo;
			productName = 460Demo;
			productReference = F4D33B531A71EF7300DCD868 /* 460Demo.app */;
			productType = "com.apple.product-type.application";
		};
		F4D33B6B1A71EF7300DCD868 /* 460DemoTests */ = {
			isa = PBXNativeTarget;
			buildConfigurationList = F4D33B791A71EF7300DCD868 /* Build configuration list for PBXNativeTarget "460DemoTests" */;
			buildPhases = (
				F4D33B681A71EF7300DCD868 /* Sources */,
				F4D33B691A71EF7300DCD868 /* Frameworks */,
				F4D33B6A1A71EF7300DCD868 /* Resources */,
			);
			buildRules = (
			);
			dependencies = (
				F4D33B6E1A71EF7300DCD868 /* PBXTargetDependency */,
			);
			name = 460DemoTests;
			productName = 460DemoTests;
			productReference = F4D33B6C1A71EF7300DCD868 /* 460DemoTests.xctest */;
			productType = "com.apple.product-type.bundle.unit-test";
		};
/* End PBXNativeTarget section */

/* Begin PBXProject section */
		F4D33B4B1A71EF7300DCD868 /* Project object */ = {
			isa = PBXProject;
			attributes = {
				LastUpgradeCheck = 0610;
				ORGANIZATIONNAME = "Austin Hudelson";
				TargetAttributes = {
					F4D33B521A71EF7300DCD868 = {
						CreatedOnToolsVersion = 6.1.1;
						DevelopmentTeam = SS9TK42WF8;
					};
					F4D33B6B1A71EF7300DCD868 = {
						CreatedOnToolsVersion = 6.1.1;
						TestTargetID = F4D33B521A71EF7300DCD868;
					};
				};
			};
			buildConfigurationList = F4D33B4E1A71EF7300DCD868 /* Build configuration list for PBXProject "460Demo" */;
			compatibilityVersion = "Xcode 3.2";
			developmentRegion = English;
			hasScannedForEncodings = 0;
			knownRegions = (
				en,
				Base,
			);
			mainGroup = F4D33B4A1A71EF7300DCD868;
			productRefGroup = F4D33B541A71EF7300DCD868 /* Products */;
			projectDirPath = "";
			projectRoot = "";
			targets = (
				F4D33B521A71EF7300DCD868 /* 460Demo */,
				F4D33B6B1A71EF7300DCD868 /* 460DemoTests */,
			);
		};
/* End PBXProject section */

/* Begin PBXResourcesBuildPhase section */
		F4D33B511A71EF7300DCD868 /* Resources */ = {
			isa = PBXResourcesBuildPhase;
			buildActionMask = 2147483647;
			files = (
				F4C0F5DB1A87F6500075F2A3 /* Walk.atlas in Resources */,
				68F35CAB1A84C4D5004905BF /* GameScene.sks in Resources */,
				F4D33B671A71EF7300DCD868 /* LaunchScreen.xib in Resources */,
				F4C0F5D91A87F63D0075F2A3 /* Attack.atlas in Resources */,
				F42FD5AF1A895D4F002C6624 /* Background1.png in Resources */,
				F4D33B641A71EF7300DCD868 /* Images.xcassets in Resources */,
				F4D33B621A71EF7300DCD868 /* Main.storyboard in Resources */,
			);
			runOnlyForDeploymentPostprocessing = 0;
		};
		F4D33B6A1A71EF7300DCD868 /* Resources */ = {
			isa = PBXResourcesBuildPhase;
			buildActionMask = 2147483647;
			files = (
			);
			runOnlyForDeploymentPostprocessing = 0;
		};
/* End PBXResourcesBuildPhase section */

/* Begin PBXSourcesBuildPhase section */
		F4D33B4F1A71EF7300DCD868 /* Sources */ = {
			isa = PBXSourcesBuildPhase;
			buildActionMask = 2147483647;
			files = (
				6850A0861A91606100B8CAD4 /* MainViewController.swift in Sources */,
				F42FD5AD1A880282002C6624 /* SerializableJSON.swift in Sources */,
				F4B5047C1A90175B007CDBA8 /* PType.swift in Sources */,
				6827FE541A8E95C2007E7DB9 /* Idle.swift in Sources */,
				68F35CAC1A84C4D5004905BF /* GameScene.swift in Sources */,
				68B7DBF91A84C306003D9398 /* NotificationListener.swift in Sources */,
				F4B504821A9234B9007CDBA8 /* TargetDummy.swift in Sources */,
				F4B504801A908339007CDBA8 /* NoneOrder.swift in Sources */,
				6850A0881A91632F00B8CAD4 /* LobbyViewController.swift in Sources */,
				68B7DBF61A84C306003D9398 /* 460Demo-Bridging-Header.m in Sources */,
				F4B834921A9BC1D500A839E5 /* RoamAttack.swift in Sources */,
				F4B834901A9BB95300A839E5 /* Enemy.swift in Sources */,
				68F35CB81A84C540004905BF /* Unit.swift in Sources */,
				68F35CB71A84C540004905BF /* Projectile.swift in Sources */,
				68F35CB41A84C540004905BF /* Attack.swift in Sources */,
				68F35CB91A84C540004905BF /* Warrior.swift in Sources */,
				F4E896421AA128E000406784 /* Game.swift in Sources */,
				68B7DBFA1A84C306003D9398 /* RoomListener.swift in Sources */,
				68B7DBFB1A84C306003D9398 /* ZoneListener.swift in Sources */,
				68F35CB61A84C540004905BF /* Order.swift in Sources */,
				68B7DBF71A84C306003D9398 /* AppWarpHelper.swift in Sources */,
				F4D33B5F1A71EF7300DCD868 /* GameViewController.swift in Sources */,
				68B7DBF81A84C306003D9398 /* ConnectionListener.swift in Sources */,
				F4D33B591A71EF7300DCD868 /* AppDelegate.swift in Sources */,
				68F35CB51A84C540004905BF /* Move.swift in Sources */,
			);
			runOnlyForDeploymentPostprocessing = 0;
		};
		F4D33B681A71EF7300DCD868 /* Sources */ = {
			isa = PBXSourcesBuildPhase;
			buildActionMask = 2147483647;
			files = (
				F4D33B731A71EF7300DCD868 /* _60DemoTests.swift in Sources */,
			);
			runOnlyForDeploymentPostprocessing = 0;
		};
/* End PBXSourcesBuildPhase section */

/* Begin PBXTargetDependency section */
		F4D33B6E1A71EF7300DCD868 /* PBXTargetDependency */ = {
			isa = PBXTargetDependency;
			target = F4D33B521A71EF7300DCD868 /* 460Demo */;
			targetProxy = F4D33B6D1A71EF7300DCD868 /* PBXContainerItemProxy */;
		};
/* End PBXTargetDependency section */

/* Begin PBXVariantGroup section */
		F4D33B601A71EF7300DCD868 /* Main.storyboard */ = {
			isa = PBXVariantGroup;
			children = (
				F4D33B611A71EF7300DCD868 /* Base */,
			);
			name = Main.storyboard;
			sourceTree = "<group>";
		};
		F4D33B651A71EF7300DCD868 /* LaunchScreen.xib */ = {
			isa = PBXVariantGroup;
			children = (
				F4D33B661A71EF7300DCD868 /* Base */,
			);
			name = LaunchScreen.xib;
			sourceTree = "<group>";
		};
/* End PBXVariantGroup section */

/* Begin XCBuildConfiguration section */
		F4D33B741A71EF7300DCD868 /* Debug */ = {
			isa = XCBuildConfiguration;
			buildSettings = {
				ALWAYS_SEARCH_USER_PATHS = NO;
				CLANG_CXX_LANGUAGE_STANDARD = "gnu++0x";
				CLANG_CXX_LIBRARY = "libc++";
				CLANG_ENABLE_MODULES = YES;
				CLANG_ENABLE_OBJC_ARC = YES;
				CLANG_WARN_BOOL_CONVERSION = YES;
				CLANG_WARN_CONSTANT_CONVERSION = YES;
				CLANG_WARN_DIRECT_OBJC_ISA_USAGE = YES_ERROR;
				CLANG_WARN_EMPTY_BODY = YES;
				CLANG_WARN_ENUM_CONVERSION = YES;
				CLANG_WARN_INT_CONVERSION = YES;
				CLANG_WARN_OBJC_ROOT_CLASS = YES_ERROR;
				CLANG_WARN_UNREACHABLE_CODE = YES;
				CLANG_WARN__DUPLICATE_METHOD_MATCH = YES;
				"CODE_SIGN_IDENTITY[sdk=iphoneos*]" = "iPhone Developer";
				COPY_PHASE_STRIP = NO;
				ENABLE_STRICT_OBJC_MSGSEND = YES;
				GCC_C_LANGUAGE_STANDARD = gnu99;
				GCC_DYNAMIC_NO_PIC = NO;
				GCC_OPTIMIZATION_LEVEL = 0;
				GCC_PREPROCESSOR_DEFINITIONS = (
					"DEBUG=1",
					"$(inherited)",
				);
				GCC_SYMBOLS_PRIVATE_EXTERN = NO;
				GCC_WARN_64_TO_32_BIT_CONVERSION = YES;
				GCC_WARN_ABOUT_RETURN_TYPE = YES_ERROR;
				GCC_WARN_UNDECLARED_SELECTOR = YES;
				GCC_WARN_UNINITIALIZED_AUTOS = YES_AGGRESSIVE;
				GCC_WARN_UNUSED_FUNCTION = YES;
				GCC_WARN_UNUSED_VARIABLE = YES;
				IPHONEOS_DEPLOYMENT_TARGET = 8.1;
				MTL_ENABLE_DEBUG_INFO = YES;
				ONLY_ACTIVE_ARCH = YES;
				SDKROOT = iphoneos;
				SWIFT_OPTIMIZATION_LEVEL = "-Onone";
				TARGETED_DEVICE_FAMILY = 2;
			};
			name = Debug;
		};
		F4D33B751A71EF7300DCD868 /* Release */ = {
			isa = XCBuildConfiguration;
			buildSettings = {
				ALWAYS_SEARCH_USER_PATHS = NO;
				CLANG_CXX_LANGUAGE_STANDARD = "gnu++0x";
				CLANG_CXX_LIBRARY = "libc++";
				CLANG_ENABLE_MODULES = YES;
				CLANG_ENABLE_OBJC_ARC = YES;
				CLANG_WARN_BOOL_CONVERSION = YES;
				CLANG_WARN_CONSTANT_CONVERSION = YES;
				CLANG_WARN_DIRECT_OBJC_ISA_USAGE = YES_ERROR;
				CLANG_WARN_EMPTY_BODY = YES;
				CLANG_WARN_ENUM_CONVERSION = YES;
				CLANG_WARN_INT_CONVERSION = YES;
				CLANG_WARN_OBJC_ROOT_CLASS = YES_ERROR;
				CLANG_WARN_UNREACHABLE_CODE = YES;
				CLANG_WARN__DUPLICATE_METHOD_MATCH = YES;
				"CODE_SIGN_IDENTITY[sdk=iphoneos*]" = "iPhone Developer";
				COPY_PHASE_STRIP = YES;
				ENABLE_NS_ASSERTIONS = NO;
				ENABLE_STRICT_OBJC_MSGSEND = YES;
				GCC_C_LANGUAGE_STANDARD = gnu99;
				GCC_WARN_64_TO_32_BIT_CONVERSION = YES;
				GCC_WARN_ABOUT_RETURN_TYPE = YES_ERROR;
				GCC_WARN_UNDECLARED_SELECTOR = YES;
				GCC_WARN_UNINITIALIZED_AUTOS = YES_AGGRESSIVE;
				GCC_WARN_UNUSED_FUNCTION = YES;
				GCC_WARN_UNUSED_VARIABLE = YES;
				IPHONEOS_DEPLOYMENT_TARGET = 8.1;
				MTL_ENABLE_DEBUG_INFO = NO;
				SDKROOT = iphoneos;
				TARGETED_DEVICE_FAMILY = 2;
				VALIDATE_PRODUCT = YES;
			};
			name = Release;
		};
		F4D33B771A71EF7300DCD868 /* Debug */ = {
			isa = XCBuildConfiguration;
			buildSettings = {
				ASSETCATALOG_COMPILER_APPICON_NAME = AppIcon;
				CLANG_ENABLE_MODULES = YES;
				CODE_SIGN_IDENTITY = "iPhone Developer";
				"CODE_SIGN_IDENTITY[sdk=iphoneos*]" = "iPhone Developer";
				FRAMEWORK_SEARCH_PATHS = (
					"$(inherited)",
					"$(PROJECT_DIR)/460Demo",
					"$(PROJECT_DIR)/460Demo/AppWarpHelperClasses",
				);
				INFOPLIST_FILE = 460Demo/Info.plist;
				IPHONEOS_DEPLOYMENT_TARGET = 7.1;
				LD_RUNPATH_SEARCH_PATHS = "$(inherited) @executable_path/Frameworks";
				PRODUCT_NAME = "$(TARGET_NAME)";
				PROVISIONING_PROFILE = "";
				SWIFT_OBJC_BRIDGING_HEADER = "460Demo/AppWarpHelperClasses/460Demo-Bridging-Header.h";
				SWIFT_OPTIMIZATION_LEVEL = "-Onone";
				TARGETED_DEVICE_FAMILY = "1,2";
			};
			name = Debug;
		};
		F4D33B781A71EF7300DCD868 /* Release */ = {
			isa = XCBuildConfiguration;
			buildSettings = {
				ASSETCATALOG_COMPILER_APPICON_NAME = AppIcon;
				CLANG_ENABLE_MODULES = YES;
				CODE_SIGN_IDENTITY = "iPhone Developer";
				"CODE_SIGN_IDENTITY[sdk=iphoneos*]" = "iPhone Developer";
				FRAMEWORK_SEARCH_PATHS = (
					"$(inherited)",
					"$(PROJECT_DIR)/460Demo",
					"$(PROJECT_DIR)/460Demo/AppWarpHelperClasses",
				);
				INFOPLIST_FILE = 460Demo/Info.plist;
				IPHONEOS_DEPLOYMENT_TARGET = 7.1;
				LD_RUNPATH_SEARCH_PATHS = "$(inherited) @executable_path/Frameworks";
				PRODUCT_NAME = "$(TARGET_NAME)";
				PROVISIONING_PROFILE = "";
				SWIFT_OBJC_BRIDGING_HEADER = "460Demo/AppWarpHelperClasses/460Demo-Bridging-Header.h";
				TARGETED_DEVICE_FAMILY = "1,2";
			};
			name = Release;
		};
		F4D33B7A1A71EF7300DCD868 /* Debug */ = {
			isa = XCBuildConfiguration;
			buildSettings = {
				BUNDLE_LOADER = "$(TEST_HOST)";
				FRAMEWORK_SEARCH_PATHS = (
					"$(SDKROOT)/Developer/Library/Frameworks",
					"$(inherited)",
				);
				GCC_PREPROCESSOR_DEFINITIONS = (
					"DEBUG=1",
					"$(inherited)",
				);
				INFOPLIST_FILE = 460DemoTests/Info.plist;
				LD_RUNPATH_SEARCH_PATHS = "$(inherited) @executable_path/Frameworks @loader_path/Frameworks";
				PRODUCT_NAME = "$(TARGET_NAME)";
				TEST_HOST = "$(BUILT_PRODUCTS_DIR)/460Demo.app/460Demo";
			};
			name = Debug;
		};
		F4D33B7B1A71EF7300DCD868 /* Release */ = {
			isa = XCBuildConfiguration;
			buildSettings = {
				BUNDLE_LOADER = "$(TEST_HOST)";
				FRAMEWORK_SEARCH_PATHS = (
					"$(SDKROOT)/Developer/Library/Frameworks",
					"$(inherited)",
				);
				INFOPLIST_FILE = 460DemoTests/Info.plist;
				LD_RUNPATH_SEARCH_PATHS = "$(inherited) @executable_path/Frameworks @loader_path/Frameworks";
				PRODUCT_NAME = "$(TARGET_NAME)";
				TEST_HOST = "$(BUILT_PRODUCTS_DIR)/460Demo.app/460Demo";
			};
			name = Release;
		};
/* End XCBuildConfiguration section */

/* Begin XCConfigurationList section */
		F4D33B4E1A71EF7300DCD868 /* Build configuration list for PBXProject "460Demo" */ = {
			isa = XCConfigurationList;
			buildConfigurations = (
				F4D33B741A71EF7300DCD868 /* Debug */,
				F4D33B751A71EF7300DCD868 /* Release */,
			);
			defaultConfigurationIsVisible = 0;
			defaultConfigurationName = Release;
		};
		F4D33B761A71EF7300DCD868 /* Build configuration list for PBXNativeTarget "460Demo" */ = {
			isa = XCConfigurationList;
			buildConfigurations = (
				F4D33B771A71EF7300DCD868 /* Debug */,
				F4D33B781A71EF7300DCD868 /* Release */,
			);
			defaultConfigurationIsVisible = 0;
			defaultConfigurationName = Release;
		};
		F4D33B791A71EF7300DCD868 /* Build configuration list for PBXNativeTarget "460DemoTests" */ = {
			isa = XCConfigurationList;
			buildConfigurations = (
				F4D33B7A1A71EF7300DCD868 /* Debug */,
				F4D33B7B1A71EF7300DCD868 /* Release */,
			);
			defaultConfigurationIsVisible = 0;
			defaultConfigurationName = Release;
		};
/* End XCConfigurationList section */
	};
	rootObject = F4D33B4B1A71EF7300DCD868 /* Project object */;
}
